// !$*UTF8*$!
{
	archiveVersion = 1;
	classes = {
	};
	objectVersion = 55;
	objects = {

/* Begin PBXBuildFile section */
		1958930927A0960700BE16AB /* Tests_iOS.swift in Sources */ = {isa = PBXBuildFile; fileRef = 1958930827A0960700BE16AB /* Tests_iOS.swift */; };
		1958930B27A0960700BE16AB /* Tests_iOSLaunchTests.swift in Sources */ = {isa = PBXBuildFile; fileRef = 1958930A27A0960700BE16AB /* Tests_iOSLaunchTests.swift */; };
		1958931527A0960700BE16AB /* Tests_macOS.swift in Sources */ = {isa = PBXBuildFile; fileRef = 1958931427A0960700BE16AB /* Tests_macOS.swift */; };
		1958931727A0960700BE16AB /* Tests_macOSLaunchTests.swift in Sources */ = {isa = PBXBuildFile; fileRef = 1958931627A0960700BE16AB /* Tests_macOSLaunchTests.swift */; };
		1958931827A0960700BE16AB /* helloApp.swift in Sources */ = {isa = PBXBuildFile; fileRef = 195892F027A0960600BE16AB /* helloApp.swift */; };
		1958931927A0960700BE16AB /* helloApp.swift in Sources */ = {isa = PBXBuildFile; fileRef = 195892F027A0960600BE16AB /* helloApp.swift */; };
		1958931A27A0960700BE16AB /* ContentView.swift in Sources */ = {isa = PBXBuildFile; fileRef = 195892F127A0960600BE16AB /* ContentView.swift */; };
		1958931B27A0960700BE16AB /* ContentView.swift in Sources */ = {isa = PBXBuildFile; fileRef = 195892F127A0960600BE16AB /* ContentView.swift */; };
		1958931C27A0960700BE16AB /* Assets.xcassets in Resources */ = {isa = PBXBuildFile; fileRef = 195892F227A0960700BE16AB /* Assets.xcassets */; };
		1958931D27A0960700BE16AB /* Assets.xcassets in Resources */ = {isa = PBXBuildFile; fileRef = 195892F227A0960700BE16AB /* Assets.xcassets */; };
/* End PBXBuildFile section */

/* Begin PBXContainerItemProxy section */
		1958930527A0960700BE16AB /* PBXContainerItemProxy */ = {
			isa = PBXContainerItemProxy;
			containerPortal = 195892EB27A0960600BE16AB /* Project object */;
			proxyType = 1;
			remoteGlobalIDString = 195892F627A0960700BE16AB;
			remoteInfo = "hello (iOS)";
		};
		1958931127A0960700BE16AB /* PBXContainerItemProxy */ = {
			isa = PBXContainerItemProxy;
			containerPortal = 195892EB27A0960600BE16AB /* Project object */;
			proxyType = 1;
			remoteGlobalIDString = 195892FC27A0960700BE16AB;
			remoteInfo = "hello (macOS)";
		};
/* End PBXContainerItemProxy section */

/* Begin PBXFileReference section */
		195892F027A0960600BE16AB /* helloApp.swift */ = {isa = PBXFileReference; lastKnownFileType = sourcecode.swift; path = helloApp.swift; sourceTree = "<group>"; };
		195892F127A0960600BE16AB /* ContentView.swift */ = {isa = PBXFileReference; lastKnownFileType = sourcecode.swift; path = ContentView.swift; sourceTree = "<group>"; };
		195892F227A0960700BE16AB /* Assets.xcassets */ = {isa = PBXFileReference; lastKnownFileType = folder.assetcatalog; path = Assets.xcassets; sourceTree = "<group>"; };
		195892F727A0960700BE16AB /* hello.app */ = {isa = PBXFileReference; explicitFileType = wrapper.application; includeInIndex = 0; path = hello.app; sourceTree = BUILT_PRODUCTS_DIR; };
		195892FD27A0960700BE16AB /* hello.app */ = {isa = PBXFileReference; explicitFileType = wrapper.application; includeInIndex = 0; path = hello.app; sourceTree = BUILT_PRODUCTS_DIR; };
		195892FF27A0960700BE16AB /* macOS.entitlements */ = {isa = PBXFileReference; lastKnownFileType = text.plist.entitlements; path = macOS.entitlements; sourceTree = "<group>"; };
		1958930427A0960700BE16AB /* Tests iOS.xctest */ = {isa = PBXFileReference; explicitFileType = wrapper.cfbundle; includeInIndex = 0; path = "Tests iOS.xctest"; sourceTree = BUILT_PRODUCTS_DIR; };
		1958930827A0960700BE16AB /* Tests_iOS.swift */ = {isa = PBXFileReference; lastKnownFileType = sourcecode.swift; path = Tests_iOS.swift; sourceTree = "<group>"; };
		1958930A27A0960700BE16AB /* Tests_iOSLaunchTests.swift */ = {isa = PBXFileReference; lastKnownFileType = sourcecode.swift; path = Tests_iOSLaunchTests.swift; sourceTree = "<group>"; };
		1958931027A0960700BE16AB /* Tests macOS.xctest */ = {isa = PBXFileReference; explicitFileType = wrapper.cfbundle; includeInIndex = 0; path = "Tests macOS.xctest"; sourceTree = BUILT_PRODUCTS_DIR; };
		1958931427A0960700BE16AB /* Tests_macOS.swift */ = {isa = PBXFileReference; lastKnownFileType = sourcecode.swift; path = Tests_macOS.swift; sourceTree = "<group>"; };
		1958931627A0960700BE16AB /* Tests_macOSLaunchTests.swift */ = {isa = PBXFileReference; lastKnownFileType = sourcecode.swift; path = Tests_macOSLaunchTests.swift; sourceTree = "<group>"; };
/* End PBXFileReference section */

/* Begin PBXFrameworksBuildPhase section */
		195892F427A0960700BE16AB /* Frameworks */ = {
			isa = PBXFrameworksBuildPhase;
			buildActionMask = 2147483647;
			files = (
			);
			runOnlyForDeploymentPostprocessing = 0;
		};
		195892FA27A0960700BE16AB /* Frameworks */ = {
			isa = PBXFrameworksBuildPhase;
			buildActionMask = 2147483647;
			files = (
			);
			runOnlyForDeploymentPostprocessing = 0;
		};
		1958930127A0960700BE16AB /* Frameworks */ = {
			isa = PBXFrameworksBuildPhase;
			buildActionMask = 2147483647;
			files = (
			);
			runOnlyForDeploymentPostprocessing = 0;
		};
		1958930D27A0960700BE16AB /* Frameworks */ = {
			isa = PBXFrameworksBuildPhase;
			buildActionMask = 2147483647;
			files = (
			);
			runOnlyForDeploymentPostprocessing = 0;
		};
/* End PBXFrameworksBuildPhase section */

/* Begin PBXGroup section */
		195892EA27A0960600BE16AB = {
			isa = PBXGroup;
			children = (
				195892EF27A0960600BE16AB /* Shared */,
				195892FE27A0960700BE16AB /* macOS */,
				1958930727A0960700BE16AB /* Tests iOS */,
				1958931327A0960700BE16AB /* Tests macOS */,
				195892F827A0960700BE16AB /* Products */,
			);
			sourceTree = "<group>";
		};
		195892EF27A0960600BE16AB /* Shared */ = {
			isa = PBXGroup;
			children = (
				195892F027A0960600BE16AB /* helloApp.swift */,
				195892F127A0960600BE16AB /* ContentView.swift */,
				195892F227A0960700BE16AB /* Assets.xcassets */,
			);
			path = Shared;
			sourceTree = "<group>";
		};
		195892F827A0960700BE16AB /* Products */ = {
			isa = PBXGroup;
			children = (
				195892F727A0960700BE16AB /* hello.app */,
				195892FD27A0960700BE16AB /* hello.app */,
				1958930427A0960700BE16AB /* Tests iOS.xctest */,
				1958931027A0960700BE16AB /* Tests macOS.xctest */,
			);
			name = Products;
			sourceTree = "<group>";
		};
		195892FE27A0960700BE16AB /* macOS */ = {
			isa = PBXGroup;
			children = (
				195892FF27A0960700BE16AB /* macOS.entitlements */,
			);
			path = macOS;
			sourceTree = "<group>";
		};
		1958930727A0960700BE16AB /* Tests iOS */ = {
			isa = PBXGroup;
			children = (
				1958930827A0960700BE16AB /* Tests_iOS.swift */,
				1958930A27A0960700BE16AB /* Tests_iOSLaunchTests.swift */,
			);
			path = "Tests iOS";
			sourceTree = "<group>";
		};
		1958931327A0960700BE16AB /* Tests macOS */ = {
			isa = PBXGroup;
			children = (
				1958931427A0960700BE16AB /* Tests_macOS.swift */,
				1958931627A0960700BE16AB /* Tests_macOSLaunchTests.swift */,
			);
			path = "Tests macOS";
			sourceTree = "<group>";
		};
/* End PBXGroup section */

/* Begin PBXNativeTarget section */
		195892F627A0960700BE16AB /* hello (iOS) */ = {
			isa = PBXNativeTarget;
			buildConfigurationList = 1958932027A0960700BE16AB /* Build configuration list for PBXNativeTarget "hello (iOS)" */;
			buildPhases = (
				195892F327A0960700BE16AB /* Sources */,
				195892F427A0960700BE16AB /* Frameworks */,
				195892F527A0960700BE16AB /* Resources */,
			);
			buildRules = (
			);
			dependencies = (
			);
			name = "hello (iOS)";
			productName = "hello (iOS)";
			productReference = 195892F727A0960700BE16AB /* hello.app */;
			productType = "com.apple.product-type.application";
		};
		195892FC27A0960700BE16AB /* hello (macOS) */ = {
			isa = PBXNativeTarget;
			buildConfigurationList = 1958932327A0960700BE16AB /* Build configuration list for PBXNativeTarget "hello (macOS)" */;
			buildPhases = (
				195892F927A0960700BE16AB /* Sources */,
				195892FA27A0960700BE16AB /* Frameworks */,
				195892FB27A0960700BE16AB /* Resources */,
			);
			buildRules = (
			);
			dependencies = (
			);
			name = "hello (macOS)";
			productName = "hello (macOS)";
			productReference = 195892FD27A0960700BE16AB /* hello.app */;
			productType = "com.apple.product-type.application";
		};
		1958930327A0960700BE16AB /* Tests iOS */ = {
			isa = PBXNativeTarget;
			buildConfigurationList = 1958932627A0960700BE16AB /* Build configuration list for PBXNativeTarget "Tests iOS" */;
			buildPhases = (
				1958930027A0960700BE16AB /* Sources */,
				1958930127A0960700BE16AB /* Frameworks */,
				1958930227A0960700BE16AB /* Resources */,
			);
			buildRules = (
			);
			dependencies = (
				1958930627A0960700BE16AB /* PBXTargetDependency */,
			);
			name = "Tests iOS";
			productName = "Tests iOS";
			productReference = 1958930427A0960700BE16AB /* Tests iOS.xctest */;
			productType = "com.apple.product-type.bundle.ui-testing";
		};
		1958930F27A0960700BE16AB /* Tests macOS */ = {
			isa = PBXNativeTarget;
			buildConfigurationList = 1958932927A0960700BE16AB /* Build configuration list for PBXNativeTarget "Tests macOS" */;
			buildPhases = (
				1958930C27A0960700BE16AB /* Sources */,
				1958930D27A0960700BE16AB /* Frameworks */,
				1958930E27A0960700BE16AB /* Resources */,
			);
			buildRules = (
			);
			dependencies = (
				1958931227A0960700BE16AB /* PBXTargetDependency */,
			);
			name = "Tests macOS";
			productName = "Tests macOS";
			productReference = 1958931027A0960700BE16AB /* Tests macOS.xctest */;
			productType = "com.apple.product-type.bundle.ui-testing";
		};
/* End PBXNativeTarget section */

/* Begin PBXProject section */
		195892EB27A0960600BE16AB /* Project object */ = {
			isa = PBXProject;
			attributes = {
				BuildIndependentTargetsInParallel = 1;
				LastSwiftUpdateCheck = 1320;
				LastUpgradeCheck = 1320;
				TargetAttributes = {
					195892F627A0960700BE16AB = {
						CreatedOnToolsVersion = 13.2.1;
					};
					195892FC27A0960700BE16AB = {
						CreatedOnToolsVersion = 13.2.1;
					};
					1958930327A0960700BE16AB = {
						CreatedOnToolsVersion = 13.2.1;
						TestTargetID = 195892F627A0960700BE16AB;
					};
					1958930F27A0960700BE16AB = {
						CreatedOnToolsVersion = 13.2.1;
						TestTargetID = 195892FC27A0960700BE16AB;
					};
				};
			};
			buildConfigurationList = 195892EE27A0960600BE16AB /* Build configuration list for PBXProject "hello" */;
			compatibilityVersion = "Xcode 13.0";
			developmentRegion = en;
			hasScannedForEncodings = 0;
			knownRegions = (
				en,
				Base,
			);
			mainGroup = 195892EA27A0960600BE16AB;
			productRefGroup = 195892F827A0960700BE16AB /* Products */;
			projectDirPath = "";
			projectRoot = "";
			targets = (
				195892F627A0960700BE16AB /* hello (iOS) */,
				195892FC27A0960700BE16AB /* hello (macOS) */,
				1958930327A0960700BE16AB /* Tests iOS */,
				1958930F27A0960700BE16AB /* Tests macOS */,
			);
		};
/* End PBXProject section */

/* Begin PBXResourcesBuildPhase section */
		195892F527A0960700BE16AB /* Resources */ = {
			isa = PBXResourcesBuildPhase;
			buildActionMask = 2147483647;
			files = (
				1958931C27A0960700BE16AB /* Assets.xcassets in Resources */,
			);
			runOnlyForDeploymentPostprocessing = 0;
		};
		195892FB27A0960700BE16AB /* Resources */ = {
			isa = PBXResourcesBuildPhase;
			buildActionMask = 2147483647;
			files = (
				1958931D27A0960700BE16AB /* Assets.xcassets in Resources */,
			);
			runOnlyForDeploymentPostprocessing = 0;
		};
		1958930227A0960700BE16AB /* Resources */ = {
			isa = PBXResourcesBuildPhase;
			buildActionMask = 2147483647;
			files = (
			);
			runOnlyForDeploymentPostprocessing = 0;
		};
		1958930E27A0960700BE16AB /* Resources */ = {
			isa = PBXResourcesBuildPhase;
			buildActionMask = 2147483647;
			files = (
			);
			runOnlyForDeploymentPostprocessing = 0;
		};
/* End PBXResourcesBuildPhase section */

/* Begin PBXSourcesBuildPhase section */
		195892F327A0960700BE16AB /* Sources */ = {
			isa = PBXSourcesBuildPhase;
			buildActionMask = 2147483647;
			files = (
				1958931A27A0960700BE16AB /* ContentView.swift in Sources */,
				1958931827A0960700BE16AB /* helloApp.swift in Sources */,
			);
			runOnlyForDeploymentPostprocessing = 0;
		};
		195892F927A0960700BE16AB /* Sources */ = {
			isa = PBXSourcesBuildPhase;
			buildActionMask = 2147483647;
			files = (
				1958931B27A0960700BE16AB /* ContentView.swift in Sources */,
				1958931927A0960700BE16AB /* helloApp.swift in Sources */,
			);
			runOnlyForDeploymentPostprocessing = 0;
		};
		1958930027A0960700BE16AB /* Sources */ = {
			isa = PBXSourcesBuildPhase;
			buildActionMask = 2147483647;
			files = (
				1958930B27A0960700BE16AB /* Tests_iOSLaunchTests.swift in Sources */,
				1958930927A0960700BE16AB /* Tests_iOS.swift in Sources */,
			);
			runOnlyForDeploymentPostprocessing = 0;
		};
		1958930C27A0960700BE16AB /* Sources */ = {
			isa = PBXSourcesBuildPhase;
			buildActionMask = 2147483647;
			files = (
				1958931727A0960700BE16AB /* Tests_macOSLaunchTests.swift in Sources */,
				1958931527A0960700BE16AB /* Tests_macOS.swift in Sources */,
			);
			runOnlyForDeploymentPostprocessing = 0;
		};
/* End PBXSourcesBuildPhase section */

/* Begin PBXTargetDependency section */
		1958930627A0960700BE16AB /* PBXTargetDependency */ = {
			isa = PBXTargetDependency;
			target = 195892F627A0960700BE16AB /* hello (iOS) */;
			targetProxy = 1958930527A0960700BE16AB /* PBXContainerItemProxy */;
		};
		1958931227A0960700BE16AB /* PBXTargetDependency */ = {
			isa = PBXTargetDependency;
			target = 195892FC27A0960700BE16AB /* hello (macOS) */;
			targetProxy = 1958931127A0960700BE16AB /* PBXContainerItemProxy */;
		};
/* End PBXTargetDependency section */

/* Begin XCBuildConfiguration section */
		1958931E27A0960700BE16AB /* Debug */ = {
			isa = XCBuildConfiguration;
			buildSettings = {
				ALWAYS_SEARCH_USER_PATHS = NO;
				CLANG_ANALYZER_NONNULL = YES;
				CLANG_ANALYZER_NUMBER_OBJECT_CONVERSION = YES_AGGRESSIVE;
				CLANG_CXX_LANGUAGE_STANDARD = "gnu++17";
				CLANG_CXX_LIBRARY = "libc++";
				CLANG_ENABLE_MODULES = YES;
				CLANG_ENABLE_OBJC_ARC = YES;
				CLANG_ENABLE_OBJC_WEAK = YES;
				CLANG_WARN_BLOCK_CAPTURE_AUTORELEASING = YES;
				CLANG_WARN_BOOL_CONVERSION = YES;
				CLANG_WARN_COMMA = YES;
				CLANG_WARN_CONSTANT_CONVERSION = YES;
				CLANG_WARN_DEPRECATED_OBJC_IMPLEMENTATIONS = YES;
				CLANG_WARN_DIRECT_OBJC_ISA_USAGE = YES_ERROR;
				CLANG_WARN_DOCUMENTATION_COMMENTS = YES;
				CLANG_WARN_EMPTY_BODY = YES;
				CLANG_WARN_ENUM_CONVERSION = YES;
				CLANG_WARN_INFINITE_RECURSION = YES;
				CLANG_WARN_INT_CONVERSION = YES;
				CLANG_WARN_NON_LITERAL_NULL_CONVERSION = YES;
				CLANG_WARN_OBJC_IMPLICIT_RETAIN_SELF = YES;
				CLANG_WARN_OBJC_LITERAL_CONVERSION = YES;
				CLANG_WARN_OBJC_ROOT_CLASS = YES_ERROR;
				CLANG_WARN_QUOTED_INCLUDE_IN_FRAMEWORK_HEADER = YES;
				CLANG_WARN_RANGE_LOOP_ANALYSIS = YES;
				CLANG_WARN_STRICT_PROTOTYPES = YES;
				CLANG_WARN_SUSPICIOUS_MOVE = YES;
				CLANG_WARN_UNGUARDED_AVAILABILITY = YES_AGGRESSIVE;
				CLANG_WARN_UNREACHABLE_CODE = YES;
				CLANG_WARN__DUPLICATE_METHOD_MATCH = YES;
				COPY_PHASE_STRIP = NO;
				DEBUG_INFORMATION_FORMAT = dwarf;
				ENABLE_STRICT_OBJC_MSGSEND = YES;
				ENABLE_TESTABILITY = YES;
				GCC_C_LANGUAGE_STANDARD = gnu11;
				GCC_DYNAMIC_NO_PIC = NO;
				GCC_NO_COMMON_BLOCKS = YES;
				GCC_OPTIMIZATION_LEVEL = 0;
				GCC_PREPROCESSOR_DEFINITIONS = (
					"DEBUG=1",
					"$(inherited)",
				);
				GCC_WARN_64_TO_32_BIT_CONVERSION = YES;
				GCC_WARN_ABOUT_RETURN_TYPE = YES_ERROR;
				GCC_WARN_UNDECLARED_SELECTOR = YES;
				GCC_WARN_UNINITIALIZED_AUTOS = YES_AGGRESSIVE;
				GCC_WARN_UNUSED_FUNCTION = YES;
				GCC_WARN_UNUSED_VARIABLE = YES;
				MTL_ENABLE_DEBUG_INFO = INCLUDE_SOURCE;
				MTL_FAST_MATH = YES;
				ONLY_ACTIVE_ARCH = YES;
				SWIFT_ACTIVE_COMPILATION_CONDITIONS = DEBUG;
				SWIFT_OPTIMIZATION_LEVEL = "-Onone";
			};
			name = Debug;
		};
		1958931F27A0960700BE16AB /* Release */ = {
			isa = XCBuildConfiguration;
			buildSettings = {
				ALWAYS_SEARCH_USER_PATHS = NO;
				CLANG_ANALYZER_NONNULL = YES;
				CLANG_ANALYZER_NUMBER_OBJECT_CONVERSION = YES_AGGRESSIVE;
				CLANG_CXX_LANGUAGE_STANDARD = "gnu++17";
				CLANG_CXX_LIBRARY = "libc++";
				CLANG_ENABLE_MODULES = YES;
				CLANG_ENABLE_OBJC_ARC = YES;
				CLANG_ENABLE_OBJC_WEAK = YES;
				CLANG_WARN_BLOCK_CAPTURE_AUTORELEASING = YES;
				CLANG_WARN_BOOL_CONVERSION = YES;
				CLANG_WARN_COMMA = YES;
				CLANG_WARN_CONSTANT_CONVERSION = YES;
				CLANG_WARN_DEPRECATED_OBJC_IMPLEMENTATIONS = YES;
				CLANG_WARN_DIRECT_OBJC_ISA_USAGE = YES_ERROR;
				CLANG_WARN_DOCUMENTATION_COMMENTS = YES;
				CLANG_WARN_EMPTY_BODY = YES;
				CLANG_WARN_ENUM_CONVERSION = YES;
				CLANG_WARN_INFINITE_RECURSION = YES;
				CLANG_WARN_INT_CONVERSION = YES;
				CLANG_WARN_NON_LITERAL_NULL_CONVERSION = YES;
				CLANG_WARN_OBJC_IMPLICIT_RETAIN_SELF = YES;
				CLANG_WARN_OBJC_LITERAL_CONVERSION = YES;
				CLANG_WARN_OBJC_ROOT_CLASS = YES_ERROR;
				CLANG_WARN_QUOTED_INCLUDE_IN_FRAMEWORK_HEADER = YES;
				CLANG_WARN_RANGE_LOOP_ANALYSIS = YES;
				CLANG_WARN_STRICT_PROTOTYPES = YES;
				CLANG_WARN_SUSPICIOUS_MOVE = YES;
				CLANG_WARN_UNGUARDED_AVAILABILITY = YES_AGGRESSIVE;
				CLANG_WARN_UNREACHABLE_CODE = YES;
				CLANG_WARN__DUPLICATE_METHOD_MATCH = YES;
				COPY_PHASE_STRIP = NO;
				DEBUG_INFORMATION_FORMAT = "dwarf-with-dsym";
				ENABLE_NS_ASSERTIONS = NO;
				ENABLE_STRICT_OBJC_MSGSEND = YES;
				GCC_C_LANGUAGE_STANDARD = gnu11;
				GCC_NO_COMMON_BLOCKS = YES;
				GCC_WARN_64_TO_32_BIT_CONVERSION = YES;
				GCC_WARN_ABOUT_RETURN_TYPE = YES_ERROR;
				GCC_WARN_UNDECLARED_SELECTOR = YES;
				GCC_WARN_UNINITIALIZED_AUTOS = YES_AGGRESSIVE;
				GCC_WARN_UNUSED_FUNCTION = YES;
				GCC_WARN_UNUSED_VARIABLE = YES;
				MTL_ENABLE_DEBUG_INFO = NO;
				MTL_FAST_MATH = YES;
				SWIFT_COMPILATION_MODE = wholemodule;
				SWIFT_OPTIMIZATION_LEVEL = "-O";
			};
			name = Release;
		};
		1958932127A0960700BE16AB /* Debug */ = {
			isa = XCBuildConfiguration;
			buildSettings = {
				ASSETCATALOG_COMPILER_APPICON_NAME = AppIcon;
				ASSETCATALOG_COMPILER_GLOBAL_ACCENT_COLOR_NAME = AccentColor;
				CODE_SIGN_STYLE = Automatic;
				CURRENT_PROJECT_VERSION = 1;
				ENABLE_PREVIEWS = YES;
				GENERATE_INFOPLIST_FILE = YES;
				INFOPLIST_KEY_UIApplicationSceneManifest_Generation = YES;
				INFOPLIST_KEY_UIApplicationSupportsIndirectInputEvents = YES;
				INFOPLIST_KEY_UILaunchScreen_Generation = YES;
				INFOPLIST_KEY_UISupportedInterfaceOrientations_iPad = "UIInterfaceOrientationPortrait UIInterfaceOrientationPortraitUpsideDown UIInterfaceOrientationLandscapeLeft UIInterfaceOrientationLandscapeRight";
				INFOPLIST_KEY_UISupportedInterfaceOrientations_iPhone = "UIInterfaceOrientationPortrait UIInterfaceOrientationLandscapeLeft UIInterfaceOrientationLandscapeRight";
				IPHONEOS_DEPLOYMENT_TARGET = 15.2;
				LD_RUNPATH_SEARCH_PATHS = (
					"$(inherited)",
					"@executable_path/Frameworks",
				);
				MARKETING_VERSION = 1.0;
				PRODUCT_BUNDLE_IDENTIFIER = helloapp.hello;
				PRODUCT_NAME = hello;
				SDKROOT = iphoneos;
				SWIFT_EMIT_LOC_STRINGS = YES;
				SWIFT_VERSION = 5.0;
				TARGETED_DEVICE_FAMILY = "1,2";
			};
			name = Debug;
		};
		1958932227A0960700BE16AB /* Release */ = {
			isa = XCBuildConfiguration;
			buildSettings = {
				ASSETCATALOG_COMPILER_APPICON_NAME = AppIcon;
				ASSETCATALOG_COMPILER_GLOBAL_ACCENT_COLOR_NAME = AccentColor;
				CODE_SIGN_STYLE = Automatic;
				CURRENT_PROJECT_VERSION = 1;
				ENABLE_PREVIEWS = YES;
				GENERATE_INFOPLIST_FILE = YES;
				INFOPLIST_KEY_UIApplicationSceneManifest_Generation = YES;
				INFOPLIST_KEY_UIApplicationSupportsIndirectInputEvents = YES;
				INFOPLIST_KEY_UILaunchScreen_Generation = YES;
				INFOPLIST_KEY_UISupportedInterfaceOrientations_iPad = "UIInterfaceOrientationPortrait UIInterfaceOrientationPortraitUpsideDown UIInterfaceOrientationLandscapeLeft UIInterfaceOrientationLandscapeRight";
				INFOPLIST_KEY_UISupportedInterfaceOrientations_iPhone = "UIInterfaceOrientationPortrait UIInterfaceOrientationLandscapeLeft UIInterfaceOrientationLandscapeRight";
				IPHONEOS_DEPLOYMENT_TARGET = 15.2;
				LD_RUNPATH_SEARCH_PATHS = (
					"$(inherited)",
					"@executable_path/Frameworks",
				);
				MARKETING_VERSION = 1.0;
				PRODUCT_BUNDLE_IDENTIFIER = helloapp.hello;
				PRODUCT_NAME = hello;
				SDKROOT = iphoneos;
				SWIFT_EMIT_LOC_STRINGS = YES;
				SWIFT_VERSION = 5.0;
				TARGETED_DEVICE_FAMILY = "1,2";
				VALIDATE_PRODUCT = YES;
			};
			name = Release;
		};
		1958932427A0960700BE16AB /* Debug */ = {
			isa = XCBuildConfiguration;
			buildSettings = {
				ASSETCATALOG_COMPILER_APPICON_NAME = AppIcon;
				ASSETCATALOG_COMPILER_GLOBAL_ACCENT_COLOR_NAME = AccentColor;
				CODE_SIGN_ENTITLEMENTS = macOS/macOS.entitlements;
				CODE_SIGN_STYLE = Automatic;
				COMBINE_HIDPI_IMAGES = YES;
				CURRENT_PROJECT_VERSION = 1;
				ENABLE_PREVIEWS = YES;
				GENERATE_INFOPLIST_FILE = YES;
				INFOPLIST_KEY_NSHumanReadableCopyright = "";
				LD_RUNPATH_SEARCH_PATHS = (
					"$(inherited)",
					"@executable_path/../Frameworks",
				);
				MACOSX_DEPLOYMENT_TARGET = 11.5;
				MARKETING_VERSION = 1.0;
				PRODUCT_BUNDLE_IDENTIFIER = helloapp.hello;
				PRODUCT_NAME = hello;
				SDKROOT = macosx;
				SWIFT_EMIT_LOC_STRINGS = YES;
				SWIFT_VERSION = 5.0;
			};
			name = Debug;
		};
		1958932527A0960700BE16AB /* Release */ = {
			isa = XCBuildConfiguration;
			buildSettings = {
				ASSETCATALOG_COMPILER_APPICON_NAME = AppIcon;
				ASSETCATALOG_COMPILER_GLOBAL_ACCENT_COLOR_NAME = AccentColor;
				CODE_SIGN_ENTITLEMENTS = macOS/macOS.entitlements;
				CODE_SIGN_STYLE = Automatic;
				COMBINE_HIDPI_IMAGES = YES;
				CURRENT_PROJECT_VERSION = 1;
				ENABLE_PREVIEWS = YES;
				GENERATE_INFOPLIST_FILE = YES;
				INFOPLIST_KEY_NSHumanReadableCopyright = "";
				LD_RUNPATH_SEARCH_PATHS = (
					"$(inherited)",
					"@executable_path/../Frameworks",
				);
				MACOSX_DEPLOYMENT_TARGET = 11.5;
				MARKETING_VERSION = 1.0;
				PRODUCT_BUNDLE_IDENTIFIER = helloapp.hello;
				PRODUCT_NAME = hello;
				SDKROOT = macosx;
				SWIFT_EMIT_LOC_STRINGS = YES;
				SWIFT_VERSION = 5.0;
			};
			name = Release;
		};
		1958932727A0960700BE16AB /* Debug */ = {
			isa = XCBuildConfiguration;
			buildSettings = {
				ALWAYS_EMBED_SWIFT_STANDARD_LIBRARIES = YES;
				CODE_SIGN_STYLE = Automatic;
				CURRENT_PROJECT_VERSION = 1;
				GENERATE_INFOPLIST_FILE = YES;
				IPHONEOS_DEPLOYMENT_TARGET = 15.2;
				MARKETING_VERSION = 1.0;
				PRODUCT_BUNDLE_IDENTIFIER = "helloapp.Tests-iOS";
				PRODUCT_NAME = "$(TARGET_NAME)";
				SDKROOT = iphoneos;
				SWIFT_EMIT_LOC_STRINGS = NO;
				SWIFT_VERSION = 5.0;
				TARGETED_DEVICE_FAMILY = "1,2";
				TEST_TARGET_NAME = "hello (iOS)";
			};
			name = Debug;
		};
		1958932827A0960700BE16AB /* Release */ = {
			isa = XCBuildConfiguration;
			buildSettings = {
				ALWAYS_EMBED_SWIFT_STANDARD_LIBRARIES = YES;
				CODE_SIGN_STYLE = Automatic;
				CURRENT_PROJECT_VERSION = 1;
				GENERATE_INFOPLIST_FILE = YES;
				IPHONEOS_DEPLOYMENT_TARGET = 15.2;
				MARKETING_VERSION = 1.0;
				PRODUCT_BUNDLE_IDENTIFIER = "helloapp.Tests-iOS";
				PRODUCT_NAME = "$(TARGET_NAME)";
				SDKROOT = iphoneos;
				SWIFT_EMIT_LOC_STRINGS = NO;
				SWIFT_VERSION = 5.0;
				TARGETED_DEVICE_FAMILY = "1,2";
				TEST_TARGET_NAME = "hello (iOS)";
				VALIDATE_PRODUCT = YES;
			};
			name = Release;
		};
		1958932A27A0960700BE16AB /* Debug */ = {
			isa = XCBuildConfiguration;
			buildSettings = {
				ALWAYS_EMBED_SWIFT_STANDARD_LIBRARIES = YES;
				CODE_SIGN_STYLE = Automatic;
				CURRENT_PROJECT_VERSION = 1;
				GENERATE_INFOPLIST_FILE = YES;
				MACOSX_DEPLOYMENT_TARGET = 11.5;
				MARKETING_VERSION = 1.0;
				PRODUCT_BUNDLE_IDENTIFIER = "helloapp.Tests-macOS";
				PRODUCT_NAME = "$(TARGET_NAME)";
				SDKROOT = macosx;
				SWIFT_EMIT_LOC_STRINGS = NO;
				SWIFT_VERSION = 5.0;
				TEST_TARGET_NAME = "hello (macOS)";
			};
			name = Debug;
		};
		1958932B27A0960700BE16AB /* Release */ = {
			isa = XCBuildConfiguration;
			buildSettings = {
				ALWAYS_EMBED_SWIFT_STANDARD_LIBRARIES = YES;
				CODE_SIGN_STYLE = Automatic;
				CURRENT_PROJECT_VERSION = 1;
				GENERATE_INFOPLIST_FILE = YES;
				MACOSX_DEPLOYMENT_TARGET = 11.5;
				MARKETING_VERSION = 1.0;
				PRODUCT_BUNDLE_IDENTIFIER = "helloapp.Tests-macOS";
				PRODUCT_NAME = "$(TARGET_NAME)";
				SDKROOT = macosx;
				SWIFT_EMIT_LOC_STRINGS = NO;
				SWIFT_VERSION = 5.0;
				TEST_TARGET_NAME = "hello (macOS)";
			};
			name = Release;
		};
/* End XCBuildConfiguration section */

/* Begin XCConfigurationList section */
		195892EE27A0960600BE16AB /* Build configuration list for PBXProject "hello" */ = {
			isa = XCConfigurationList;
			buildConfigurations = (
				1958931E27A0960700BE16AB /* Debug */,
				1958931F27A0960700BE16AB /* Release */,
			);
			defaultConfigurationIsVisible = 0;
			defaultConfigurationName = Release;
		};
		1958932027A0960700BE16AB /* Build configuration list for PBXNativeTarget "hello (iOS)" */ = {
			isa = XCConfigurationList;
			buildConfigurations = (
				1958932127A0960700BE16AB /* Debug */,
				1958932227A0960700BE16AB /* Release */,
			);
			defaultConfigurationIsVisible = 0;
			defaultConfigurationName = Release;
		};
		1958932327A0960700BE16AB /* Build configuration list for PBXNativeTarget "hello (macOS)" */ = {
			isa = XCConfigurationList;
			buildConfigurations = (
				1958932427A0960700BE16AB /* Debug */,
				1958932527A0960700BE16AB /* Release */,
			);
			defaultConfigurationIsVisible = 0;
			defaultConfigurationName = Release;
		};
		1958932627A0960700BE16AB /* Build configuration list for PBXNativeTarget "Tests iOS" */ = {
			isa = XCConfigurationList;
			buildConfigurations = (
				1958932727A0960700BE16AB /* Debug */,
				1958932827A0960700BE16AB /* Release */,
			);
			defaultConfigurationIsVisible = 0;
			defaultConfigurationName = Release;
		};
		1958932927A0960700BE16AB /* Build configuration list for PBXNativeTarget "Tests macOS" */ = {
			isa = XCConfigurationList;
			buildConfigurations = (
				1958932A27A0960700BE16AB /* Debug */,
				1958932B27A0960700BE16AB /* Release */,
			);
			defaultConfigurationIsVisible = 0;
			defaultConfigurationName = Release;
		};
/* End XCConfigurationList section */
	};
	rootObject = 195892EB27A0960600BE16AB /* Project object */;
}
