// !$*UTF8*$!
{
	archiveVersion = 1;
	classes = {
	};
	objectVersion = 55;
	objects = {

/* Begin PBXBuildFile section */
		58E5E0C428187926005A1871 /* AppDelegate.swift in Sources */ = {isa = PBXBuildFile; fileRef = 58E5E0C328187926005A1871 /* AppDelegate.swift */; };
		58E5E0C628187926005A1871 /* SceneDelegate.swift in Sources */ = {isa = PBXBuildFile; fileRef = 58E5E0C528187926005A1871 /* SceneDelegate.swift */; };
		58E5E0C828187926005A1871 /* ElectronicViewController.swift in Sources */ = {isa = PBXBuildFile; fileRef = 58E5E0C728187926005A1871 /* ElectronicViewController.swift */; };
		58E5E0CB28187926005A1871 /* Main.storyboard in Resources */ = {isa = PBXBuildFile; fileRef = 58E5E0C928187926005A1871 /* Main.storyboard */; };
		58E5E0CD28187927005A1871 /* Assets.xcassets in Resources */ = {isa = PBXBuildFile; fileRef = 58E5E0CC28187927005A1871 /* Assets.xcassets */; };
		58E5E0D028187927005A1871 /* LaunchScreen.storyboard in Resources */ = {isa = PBXBuildFile; fileRef = 58E5E0CE28187927005A1871 /* LaunchScreen.storyboard */; };
		58E5E0DB28187928005A1871 /* Veeravelly_ElectronicStoreTests.swift in Sources */ = {isa = PBXBuildFile; fileRef = 58E5E0DA28187928005A1871 /* Veeravelly_ElectronicStoreTests.swift */; };
		58E5E0E528187928005A1871 /* Veeravelly_ElectronicStoreUITests.swift in Sources */ = {isa = PBXBuildFile; fileRef = 58E5E0E428187928005A1871 /* Veeravelly_ElectronicStoreUITests.swift */; };
		58E5E0E728187928005A1871 /* Veeravelly_ElectronicStoreUITestsLaunchTests.swift in Sources */ = {isa = PBXBuildFile; fileRef = 58E5E0E628187928005A1871 /* Veeravelly_ElectronicStoreUITestsLaunchTests.swift */; };
		58E5E0FA28187D53005A1871 /* DetailViewController.swift in Sources */ = {isa = PBXBuildFile; fileRef = 58E5E0F928187D53005A1871 /* DetailViewController.swift */; };
		58E5E0FC28187D75005A1871 /* CreateProductViewController.swift in Sources */ = {isa = PBXBuildFile; fileRef = 58E5E0FB28187D75005A1871 /* CreateProductViewController.swift */; };
		58E5E0FE28187E92005A1871 /* Electronics.swift in Sources */ = {isa = PBXBuildFile; fileRef = 58E5E0FD28187E92005A1871 /* Electronics.swift */; };
/* End PBXBuildFile section */

/* Begin PBXContainerItemProxy section */
		58E5E0D728187928005A1871 /* PBXContainerItemProxy */ = {
			isa = PBXContainerItemProxy;
			containerPortal = 58E5E0B828187926005A1871 /* Project object */;
			proxyType = 1;
			remoteGlobalIDString = 58E5E0BF28187926005A1871;
			remoteInfo = Veeravelly_ElectronicStore;
		};
		58E5E0E128187928005A1871 /* PBXContainerItemProxy */ = {
			isa = PBXContainerItemProxy;
			containerPortal = 58E5E0B828187926005A1871 /* Project object */;
			proxyType = 1;
			remoteGlobalIDString = 58E5E0BF28187926005A1871;
			remoteInfo = Veeravelly_ElectronicStore;
		};
/* End PBXContainerItemProxy section */

/* Begin PBXFileReference section */
		58E5E0C028187926005A1871 /* Veeravelly_ElectronicStore.app */ = {isa = PBXFileReference; explicitFileType = wrapper.application; includeInIndex = 0; path = Veeravelly_ElectronicStore.app; sourceTree = BUILT_PRODUCTS_DIR; };
		58E5E0C328187926005A1871 /* AppDelegate.swift */ = {isa = PBXFileReference; lastKnownFileType = sourcecode.swift; path = AppDelegate.swift; sourceTree = "<group>"; };
		58E5E0C528187926005A1871 /* SceneDelegate.swift */ = {isa = PBXFileReference; lastKnownFileType = sourcecode.swift; path = SceneDelegate.swift; sourceTree = "<group>"; };
		58E5E0C728187926005A1871 /* ElectronicViewController.swift */ = {isa = PBXFileReference; lastKnownFileType = sourcecode.swift; path = ElectronicViewController.swift; sourceTree = "<group>"; };
		58E5E0CA28187926005A1871 /* Base */ = {isa = PBXFileReference; lastKnownFileType = file.storyboard; name = Base; path = Base.lproj/Main.storyboard; sourceTree = "<group>"; };
		58E5E0CC28187927005A1871 /* Assets.xcassets */ = {isa = PBXFileReference; lastKnownFileType = folder.assetcatalog; path = Assets.xcassets; sourceTree = "<group>"; };
		58E5E0CF28187927005A1871 /* Base */ = {isa = PBXFileReference; lastKnownFileType = file.storyboard; name = Base; path = Base.lproj/LaunchScreen.storyboard; sourceTree = "<group>"; };
		58E5E0D128187927005A1871 /* Info.plist */ = {isa = PBXFileReference; lastKnownFileType = text.plist.xml; path = Info.plist; sourceTree = "<group>"; };
		58E5E0D628187928005A1871 /* Veeravelly_ElectronicStoreTests.xctest */ = {isa = PBXFileReference; explicitFileType = wrapper.cfbundle; includeInIndex = 0; path = Veeravelly_ElectronicStoreTests.xctest; sourceTree = BUILT_PRODUCTS_DIR; };
		58E5E0DA28187928005A1871 /* Veeravelly_ElectronicStoreTests.swift */ = {isa = PBXFileReference; lastKnownFileType = sourcecode.swift; path = Veeravelly_ElectronicStoreTests.swift; sourceTree = "<group>"; };
		58E5E0E028187928005A1871 /* Veeravelly_ElectronicStoreUITests.xctest */ = {isa = PBXFileReference; explicitFileType = wrapper.cfbundle; includeInIndex = 0; path = Veeravelly_ElectronicStoreUITests.xctest; sourceTree = BUILT_PRODUCTS_DIR; };
		58E5E0E428187928005A1871 /* Veeravelly_ElectronicStoreUITests.swift */ = {isa = PBXFileReference; lastKnownFileType = sourcecode.swift; path = Veeravelly_ElectronicStoreUITests.swift; sourceTree = "<group>"; };
		58E5E0E628187928005A1871 /* Veeravelly_ElectronicStoreUITestsLaunchTests.swift */ = {isa = PBXFileReference; lastKnownFileType = sourcecode.swift; path = Veeravelly_ElectronicStoreUITestsLaunchTests.swift; sourceTree = "<group>"; };
		58E5E0F928187D53005A1871 /* DetailViewController.swift */ = {isa = PBXFileReference; lastKnownFileType = sourcecode.swift; path = DetailViewController.swift; sourceTree = "<group>"; };
		58E5E0FB28187D75005A1871 /* CreateProductViewController.swift */ = {isa = PBXFileReference; lastKnownFileType = sourcecode.swift; path = CreateProductViewController.swift; sourceTree = "<group>"; };
		58E5E0FD28187E92005A1871 /* Electronics.swift */ = {isa = PBXFileReference; lastKnownFileType = sourcecode.swift; path = Electronics.swift; sourceTree = "<group>"; };
/* End PBXFileReference section */

/* Begin PBXFrameworksBuildPhase section */
		58E5E0BD28187926005A1871 /* Frameworks */ = {
			isa = PBXFrameworksBuildPhase;
			buildActionMask = 2147483647;
			files = (
			);
			runOnlyForDeploymentPostprocessing = 0;
		};
		58E5E0D328187928005A1871 /* Frameworks */ = {
			isa = PBXFrameworksBuildPhase;
			buildActionMask = 2147483647;
			files = (
			);
			runOnlyForDeploymentPostprocessing = 0;
		};
		58E5E0DD28187928005A1871 /* Frameworks */ = {
			isa = PBXFrameworksBuildPhase;
			buildActionMask = 2147483647;
			files = (
			);
			runOnlyForDeploymentPostprocessing = 0;
		};
/* End PBXFrameworksBuildPhase section */

/* Begin PBXGroup section */
		58E5E0B728187926005A1871 = {
			isa = PBXGroup;
			children = (
				58E5E0C228187926005A1871 /* Veeravelly_ElectronicStore */,
				58E5E0D928187928005A1871 /* Veeravelly_ElectronicStoreTests */,
				58E5E0E328187928005A1871 /* Veeravelly_ElectronicStoreUITests */,
				58E5E0C128187926005A1871 /* Products */,
			);
			sourceTree = "<group>";
		};
		58E5E0C128187926005A1871 /* Products */ = {
			isa = PBXGroup;
			children = (
				58E5E0C028187926005A1871 /* Veeravelly_ElectronicStore.app */,
				58E5E0D628187928005A1871 /* Veeravelly_ElectronicStoreTests.xctest */,
				58E5E0E028187928005A1871 /* Veeravelly_ElectronicStoreUITests.xctest */,
			);
			name = Products;
			sourceTree = "<group>";
		};
		58E5E0C228187926005A1871 /* Veeravelly_ElectronicStore */ = {
			isa = PBXGroup;
			children = (
				58E5E0C328187926005A1871 /* AppDelegate.swift */,
				58E5E0C528187926005A1871 /* SceneDelegate.swift */,
				58E5E0C728187926005A1871 /* ElectronicViewController.swift */,
				58E5E0C928187926005A1871 /* Main.storyboard */,
				58E5E0CC28187927005A1871 /* Assets.xcassets */,
				58E5E0CE28187927005A1871 /* LaunchScreen.storyboard */,
				58E5E0D128187927005A1871 /* Info.plist */,
				58E5E0F928187D53005A1871 /* DetailViewController.swift */,
				58E5E0FB28187D75005A1871 /* CreateProductViewController.swift */,
				58E5E0FD28187E92005A1871 /* Electronics.swift */,
			);
			path = Veeravelly_ElectronicStore;
			sourceTree = "<group>";
		};
		58E5E0D928187928005A1871 /* Veeravelly_ElectronicStoreTests */ = {
			isa = PBXGroup;
			children = (
				58E5E0DA28187928005A1871 /* Veeravelly_ElectronicStoreTests.swift */,
			);
			path = Veeravelly_ElectronicStoreTests;
			sourceTree = "<group>";
		};
		58E5E0E328187928005A1871 /* Veeravelly_ElectronicStoreUITests */ = {
			isa = PBXGroup;
			children = (
				58E5E0E428187928005A1871 /* Veeravelly_ElectronicStoreUITests.swift */,
				58E5E0E628187928005A1871 /* Veeravelly_ElectronicStoreUITestsLaunchTests.swift */,
			);
			path = Veeravelly_ElectronicStoreUITests;
			sourceTree = "<group>";
		};
/* End PBXGroup section */

/* Begin PBXNativeTarget section */
		58E5E0BF28187926005A1871 /* Veeravelly_ElectronicStore */ = {
			isa = PBXNativeTarget;
			buildConfigurationList = 58E5E0EA28187928005A1871 /* Build configuration list for PBXNativeTarget "Veeravelly_ElectronicStore" */;
			buildPhases = (
				58E5E0BC28187926005A1871 /* Sources */,
				58E5E0BD28187926005A1871 /* Frameworks */,
				58E5E0BE28187926005A1871 /* Resources */,
			);
			buildRules = (
			);
			dependencies = (
			);
			name = Veeravelly_ElectronicStore;
			productName = Veeravelly_ElectronicStore;
			productReference = 58E5E0C028187926005A1871 /* Veeravelly_ElectronicStore.app */;
			productType = "com.apple.product-type.application";
		};
		58E5E0D528187928005A1871 /* Veeravelly_ElectronicStoreTests */ = {
			isa = PBXNativeTarget;
			buildConfigurationList = 58E5E0ED28187928005A1871 /* Build configuration list for PBXNativeTarget "Veeravelly_ElectronicStoreTests" */;
			buildPhases = (
				58E5E0D228187928005A1871 /* Sources */,
				58E5E0D328187928005A1871 /* Frameworks */,
				58E5E0D428187928005A1871 /* Resources */,
			);
			buildRules = (
			);
			dependencies = (
				58E5E0D828187928005A1871 /* PBXTargetDependency */,
			);
			name = Veeravelly_ElectronicStoreTests;
			productName = Veeravelly_ElectronicStoreTests;
			productReference = 58E5E0D628187928005A1871 /* Veeravelly_ElectronicStoreTests.xctest */;
			productType = "com.apple.product-type.bundle.unit-test";
		};
		58E5E0DF28187928005A1871 /* Veeravelly_ElectronicStoreUITests */ = {
			isa = PBXNativeTarget;
			buildConfigurationList = 58E5E0F028187928005A1871 /* Build configuration list for PBXNativeTarget "Veeravelly_ElectronicStoreUITests" */;
			buildPhases = (
				58E5E0DC28187928005A1871 /* Sources */,
				58E5E0DD28187928005A1871 /* Frameworks */,
				58E5E0DE28187928005A1871 /* Resources */,
			);
			buildRules = (
			);
			dependencies = (
				58E5E0E228187928005A1871 /* PBXTargetDependency */,
			);
			name = Veeravelly_ElectronicStoreUITests;
			productName = Veeravelly_ElectronicStoreUITests;
			productReference = 58E5E0E028187928005A1871 /* Veeravelly_ElectronicStoreUITests.xctest */;
			productType = "com.apple.product-type.bundle.ui-testing";
		};
/* End PBXNativeTarget section */

/* Begin PBXProject section */
		58E5E0B828187926005A1871 /* Project object */ = {
			isa = PBXProject;
			attributes = {
				BuildIndependentTargetsInParallel = 1;
				LastSwiftUpdateCheck = 1320;
				LastUpgradeCheck = 1320;
				TargetAttributes = {
					58E5E0BF28187926005A1871 = {
						CreatedOnToolsVersion = 13.2.1;
					};
					58E5E0D528187928005A1871 = {
						CreatedOnToolsVersion = 13.2.1;
						TestTargetID = 58E5E0BF28187926005A1871;
					};
					58E5E0DF28187928005A1871 = {
						CreatedOnToolsVersion = 13.2.1;
						TestTargetID = 58E5E0BF28187926005A1871;
					};
				};
			};
			buildConfigurationList = 58E5E0BB28187926005A1871 /* Build configuration list for PBXProject "Veeravelly_ElectronicStore" */;
			compatibilityVersion = "Xcode 13.0";
			developmentRegion = en;
			hasScannedForEncodings = 0;
			knownRegions = (
				en,
				Base,
			);
			mainGroup = 58E5E0B728187926005A1871;
			productRefGroup = 58E5E0C128187926005A1871 /* Products */;
			projectDirPath = "";
			projectRoot = "";
			targets = (
				58E5E0BF28187926005A1871 /* Veeravelly_ElectronicStore */,
				58E5E0D528187928005A1871 /* Veeravelly_ElectronicStoreTests */,
				58E5E0DF28187928005A1871 /* Veeravelly_ElectronicStoreUITests */,
			);
		};
/* End PBXProject section */

/* Begin PBXResourcesBuildPhase section */
		58E5E0BE28187926005A1871 /* Resources */ = {
			isa = PBXResourcesBuildPhase;
			buildActionMask = 2147483647;
			files = (
				58E5E0D028187927005A1871 /* LaunchScreen.storyboard in Resources */,
				58E5E0CD28187927005A1871 /* Assets.xcassets in Resources */,
				58E5E0CB28187926005A1871 /* Main.storyboard in Resources */,
			);
			runOnlyForDeploymentPostprocessing = 0;
		};
		58E5E0D428187928005A1871 /* Resources */ = {
			isa = PBXResourcesBuildPhase;
			buildActionMask = 2147483647;
			files = (
			);
			runOnlyForDeploymentPostprocessing = 0;
		};
		58E5E0DE28187928005A1871 /* Resources */ = {
			isa = PBXResourcesBuildPhase;
			buildActionMask = 2147483647;
			files = (
			);
			runOnlyForDeploymentPostprocessing = 0;
		};
/* End PBXResourcesBuildPhase section */

/* Begin PBXSourcesBuildPhase section */
		58E5E0BC28187926005A1871 /* Sources */ = {
			isa = PBXSourcesBuildPhase;
			buildActionMask = 2147483647;
			files = (
				58E5E0C828187926005A1871 /* ElectronicViewController.swift in Sources */,
				58E5E0FE28187E92005A1871 /* Electronics.swift in Sources */,
				58E5E0C428187926005A1871 /* AppDelegate.swift in Sources */,
				58E5E0FA28187D53005A1871 /* DetailViewController.swift in Sources */,
				58E5E0FC28187D75005A1871 /* CreateProductViewController.swift in Sources */,
				58E5E0C628187926005A1871 /* SceneDelegate.swift in Sources */,
			);
			runOnlyForDeploymentPostprocessing = 0;
		};
		58E5E0D228187928005A1871 /* Sources */ = {
			isa = PBXSourcesBuildPhase;
			buildActionMask = 2147483647;
			files = (
				58E5E0DB28187928005A1871 /* Veeravelly_ElectronicStoreTests.swift in Sources */,
			);
			runOnlyForDeploymentPostprocessing = 0;
		};
		58E5E0DC28187928005A1871 /* Sources */ = {
			isa = PBXSourcesBuildPhase;
			buildActionMask = 2147483647;
			files = (
				58E5E0E528187928005A1871 /* Veeravelly_ElectronicStoreUITests.swift in Sources */,
				58E5E0E728187928005A1871 /* Veeravelly_ElectronicStoreUITestsLaunchTests.swift in Sources */,
			);
			runOnlyForDeploymentPostprocessing = 0;
		};
/* End PBXSourcesBuildPhase section */

/* Begin PBXTargetDependency section */
		58E5E0D828187928005A1871 /* PBXTargetDependency */ = {
			isa = PBXTargetDependency;
			target = 58E5E0BF28187926005A1871 /* Veeravelly_ElectronicStore */;
			targetProxy = 58E5E0D728187928005A1871 /* PBXContainerItemProxy */;
		};
		58E5E0E228187928005A1871 /* PBXTargetDependency */ = {
			isa = PBXTargetDependency;
			target = 58E5E0BF28187926005A1871 /* Veeravelly_ElectronicStore */;
			targetProxy = 58E5E0E128187928005A1871 /* PBXContainerItemProxy */;
		};
/* End PBXTargetDependency section */

/* Begin PBXVariantGroup section */
		58E5E0C928187926005A1871 /* Main.storyboard */ = {
			isa = PBXVariantGroup;
			children = (
				58E5E0CA28187926005A1871 /* Base */,
			);
			name = Main.storyboard;
			sourceTree = "<group>";
		};
		58E5E0CE28187927005A1871 /* LaunchScreen.storyboard */ = {
			isa = PBXVariantGroup;
			children = (
				58E5E0CF28187927005A1871 /* Base */,
			);
			name = LaunchScreen.storyboard;
			sourceTree = "<group>";
		};
/* End PBXVariantGroup section */

/* Begin XCBuildConfiguration section */
		58E5E0E828187928005A1871 /* Debug */ = {
			isa = XCBuildConfiguration;
			buildSettings = {
				ALWAYS_SEARCH_USER_PATHS = NO;
				CLANG_ANALYZER_NONNULL = YES;
				CLANG_ANALYZER_NUMBER_OBJECT_CONVERSION = YES_AGGRESSIVE;
				CLANG_CXX_LANGUAGE_STANDARD = "gnu++17";
				CLANG_CXX_LIBRARY = "libc++";
				CLANG_ENABLE_MODULES = YES;
				CLANG_ENABLE_OBJC_ARC = YES;
				CLANG_ENABLE_OBJC_WEAK = YES;
				CLANG_WARN_BLOCK_CAPTURE_AUTORELEASING = YES;
				CLANG_WARN_BOOL_CONVERSION = YES;
				CLANG_WARN_COMMA = YES;
				CLANG_WARN_CONSTANT_CONVERSION = YES;
				CLANG_WARN_DEPRECATED_OBJC_IMPLEMENTATIONS = YES;
				CLANG_WARN_DIRECT_OBJC_ISA_USAGE = YES_ERROR;
				CLANG_WARN_DOCUMENTATION_COMMENTS = YES;
				CLANG_WARN_EMPTY_BODY = YES;
				CLANG_WARN_ENUM_CONVERSION = YES;
				CLANG_WARN_INFINITE_RECURSION = YES;
				CLANG_WARN_INT_CONVERSION = YES;
				CLANG_WARN_NON_LITERAL_NULL_CONVERSION = YES;
				CLANG_WARN_OBJC_IMPLICIT_RETAIN_SELF = YES;
				CLANG_WARN_OBJC_LITERAL_CONVERSION = YES;
				CLANG_WARN_OBJC_ROOT_CLASS = YES_ERROR;
				CLANG_WARN_QUOTED_INCLUDE_IN_FRAMEWORK_HEADER = YES;
				CLANG_WARN_RANGE_LOOP_ANALYSIS = YES;
				CLANG_WARN_STRICT_PROTOTYPES = YES;
				CLANG_WARN_SUSPICIOUS_MOVE = YES;
				CLANG_WARN_UNGUARDED_AVAILABILITY = YES_AGGRESSIVE;
				CLANG_WARN_UNREACHABLE_CODE = YES;
				CLANG_WARN__DUPLICATE_METHOD_MATCH = YES;
				COPY_PHASE_STRIP = NO;
				DEBUG_INFORMATION_FORMAT = dwarf;
				ENABLE_STRICT_OBJC_MSGSEND = YES;
				ENABLE_TESTABILITY = YES;
				GCC_C_LANGUAGE_STANDARD = gnu11;
				GCC_DYNAMIC_NO_PIC = NO;
				GCC_NO_COMMON_BLOCKS = YES;
				GCC_OPTIMIZATION_LEVEL = 0;
				GCC_PREPROCESSOR_DEFINITIONS = (
					"DEBUG=1",
					"$(inherited)",
				);
				GCC_WARN_64_TO_32_BIT_CONVERSION = YES;
				GCC_WARN_ABOUT_RETURN_TYPE = YES_ERROR;
				GCC_WARN_UNDECLARED_SELECTOR = YES;
				GCC_WARN_UNINITIALIZED_AUTOS = YES_AGGRESSIVE;
				GCC_WARN_UNUSED_FUNCTION = YES;
				GCC_WARN_UNUSED_VARIABLE = YES;
				IPHONEOS_DEPLOYMENT_TARGET = 15.2;
				MTL_ENABLE_DEBUG_INFO = INCLUDE_SOURCE;
				MTL_FAST_MATH = YES;
				ONLY_ACTIVE_ARCH = YES;
				SDKROOT = iphoneos;
				SWIFT_ACTIVE_COMPILATION_CONDITIONS = DEBUG;
				SWIFT_OPTIMIZATION_LEVEL = "-Onone";
			};
			name = Debug;
		};
		58E5E0E928187928005A1871 /* Release */ = {
			isa = XCBuildConfiguration;
			buildSettings = {
				ALWAYS_SEARCH_USER_PATHS = NO;
				CLANG_ANALYZER_NONNULL = YES;
				CLANG_ANALYZER_NUMBER_OBJECT_CONVERSION = YES_AGGRESSIVE;
				CLANG_CXX_LANGUAGE_STANDARD = "gnu++17";
				CLANG_CXX_LIBRARY = "libc++";
				CLANG_ENABLE_MODULES = YES;
				CLANG_ENABLE_OBJC_ARC = YES;
				CLANG_ENABLE_OBJC_WEAK = YES;
				CLANG_WARN_BLOCK_CAPTURE_AUTORELEASING = YES;
				CLANG_WARN_BOOL_CONVERSION = YES;
				CLANG_WARN_COMMA = YES;
				CLANG_WARN_CONSTANT_CONVERSION = YES;
				CLANG_WARN_DEPRECATED_OBJC_IMPLEMENTATIONS = YES;
				CLANG_WARN_DIRECT_OBJC_ISA_USAGE = YES_ERROR;
				CLANG_WARN_DOCUMENTATION_COMMENTS = YES;
				CLANG_WARN_EMPTY_BODY = YES;
				CLANG_WARN_ENUM_CONVERSION = YES;
				CLANG_WARN_INFINITE_RECURSION = YES;
				CLANG_WARN_INT_CONVERSION = YES;
				CLANG_WARN_NON_LITERAL_NULL_CONVERSION = YES;
				CLANG_WARN_OBJC_IMPLICIT_RETAIN_SELF = YES;
				CLANG_WARN_OBJC_LITERAL_CONVERSION = YES;
				CLANG_WARN_OBJC_ROOT_CLASS = YES_ERROR;
				CLANG_WARN_QUOTED_INCLUDE_IN_FRAMEWORK_HEADER = YES;
				CLANG_WARN_RANGE_LOOP_ANALYSIS = YES;
				CLANG_WARN_STRICT_PROTOTYPES = YES;
				CLANG_WARN_SUSPICIOUS_MOVE = YES;
				CLANG_WARN_UNGUARDED_AVAILABILITY = YES_AGGRESSIVE;
				CLANG_WARN_UNREACHABLE_CODE = YES;
				CLANG_WARN__DUPLICATE_METHOD_MATCH = YES;
				COPY_PHASE_STRIP = NO;
				DEBUG_INFORMATION_FORMAT = "dwarf-with-dsym";
				ENABLE_NS_ASSERTIONS = NO;
				ENABLE_STRICT_OBJC_MSGSEND = YES;
				GCC_C_LANGUAGE_STANDARD = gnu11;
				GCC_NO_COMMON_BLOCKS = YES;
				GCC_WARN_64_TO_32_BIT_CONVERSION = YES;
				GCC_WARN_ABOUT_RETURN_TYPE = YES_ERROR;
				GCC_WARN_UNDECLARED_SELECTOR = YES;
				GCC_WARN_UNINITIALIZED_AUTOS = YES_AGGRESSIVE;
				GCC_WARN_UNUSED_FUNCTION = YES;
				GCC_WARN_UNUSED_VARIABLE = YES;
				IPHONEOS_DEPLOYMENT_TARGET = 15.2;
				MTL_ENABLE_DEBUG_INFO = NO;
				MTL_FAST_MATH = YES;
				SDKROOT = iphoneos;
				SWIFT_COMPILATION_MODE = wholemodule;
				SWIFT_OPTIMIZATION_LEVEL = "-O";
				VALIDATE_PRODUCT = YES;
			};
			name = Release;
		};
		58E5E0EB28187928005A1871 /* Debug */ = {
			isa = XCBuildConfiguration;
			buildSettings = {
				ASSETCATALOG_COMPILER_APPICON_NAME = AppIcon;
				ASSETCATALOG_COMPILER_GLOBAL_ACCENT_COLOR_NAME = AccentColor;
				CODE_SIGN_STYLE = Automatic;
				CURRENT_PROJECT_VERSION = 1;
				GENERATE_INFOPLIST_FILE = YES;
				INFOPLIST_FILE = Veeravelly_ElectronicStore/Info.plist;
				INFOPLIST_KEY_CFBundleDisplayName = Veeravelly_ElectronicStore;
				INFOPLIST_KEY_UIApplicationSupportsIndirectInputEvents = YES;
				INFOPLIST_KEY_UILaunchStoryboardName = LaunchScreen;
				INFOPLIST_KEY_UIMainStoryboardFile = Main;
				INFOPLIST_KEY_UISupportedInterfaceOrientations_iPad = "UIInterfaceOrientationPortrait UIInterfaceOrientationPortraitUpsideDown UIInterfaceOrientationLandscapeLeft UIInterfaceOrientationLandscapeRight";
				INFOPLIST_KEY_UISupportedInterfaceOrientations_iPhone = "UIInterfaceOrientationPortrait UIInterfaceOrientationLandscapeLeft UIInterfaceOrientationLandscapeRight";
				LD_RUNPATH_SEARCH_PATHS = (
					"$(inherited)",
					"@executable_path/Frameworks",
				);
				MARKETING_VERSION = 1.0;
				PRODUCT_BUNDLE_IDENTIFIER = "nwmsu.Veeravelly-ElectronicStore";
				PRODUCT_NAME = "$(TARGET_NAME)";
				SWIFT_EMIT_LOC_STRINGS = YES;
				SWIFT_VERSION = 5.0;
				TARGETED_DEVICE_FAMILY = "1,2";
			};
			name = Debug;
		};
		58E5E0EC28187928005A1871 /* Release */ = {
			isa = XCBuildConfiguration;
			buildSettings = {
				ASSETCATALOG_COMPILER_APPICON_NAME = AppIcon;
				ASSETCATALOG_COMPILER_GLOBAL_ACCENT_COLOR_NAME = AccentColor;
				CODE_SIGN_STYLE = Automatic;
				CURRENT_PROJECT_VERSION = 1;
				GENERATE_INFOPLIST_FILE = YES;
				INFOPLIST_FILE = Veeravelly_ElectronicStore/Info.plist;
				INFOPLIST_KEY_CFBundleDisplayName = Veeravelly_ElectronicStore;
				INFOPLIST_KEY_UIApplicationSupportsIndirectInputEvents = YES;
				INFOPLIST_KEY_UILaunchStoryboardName = LaunchScreen;
				INFOPLIST_KEY_UIMainStoryboardFile = Main;
				INFOPLIST_KEY_UISupportedInterfaceOrientations_iPad = "UIInterfaceOrientationPortrait UIInterfaceOrientationPortraitUpsideDown UIInterfaceOrientationLandscapeLeft UIInterfaceOrientationLandscapeRight";
				INFOPLIST_KEY_UISupportedInterfaceOrientations_iPhone = "UIInterfaceOrientationPortrait UIInterfaceOrientationLandscapeLeft UIInterfaceOrientationLandscapeRight";
				LD_RUNPATH_SEARCH_PATHS = (
					"$(inherited)",
					"@executable_path/Frameworks",
				);
				MARKETING_VERSION = 1.0;
				PRODUCT_BUNDLE_IDENTIFIER = "nwmsu.Veeravelly-ElectronicStore";
				PRODUCT_NAME = "$(TARGET_NAME)";
				SWIFT_EMIT_LOC_STRINGS = YES;
				SWIFT_VERSION = 5.0;
				TARGETED_DEVICE_FAMILY = "1,2";
			};
			name = Release;
		};
		58E5E0EE28187928005A1871 /* Debug */ = {
			isa = XCBuildConfiguration;
			buildSettings = {
				ALWAYS_EMBED_SWIFT_STANDARD_LIBRARIES = YES;
				BUNDLE_LOADER = "$(TEST_HOST)";
				CODE_SIGN_STYLE = Automatic;
				CURRENT_PROJECT_VERSION = 1;
				GENERATE_INFOPLIST_FILE = YES;
				IPHONEOS_DEPLOYMENT_TARGET = 15.2;
				MARKETING_VERSION = 1.0;
				PRODUCT_BUNDLE_IDENTIFIER = "nwmsu.Veeravelly-ElectronicStoreTests";
				PRODUCT_NAME = "$(TARGET_NAME)";
				SWIFT_EMIT_LOC_STRINGS = NO;
				SWIFT_VERSION = 5.0;
				TARGETED_DEVICE_FAMILY = "1,2";
				TEST_HOST = "$(BUILT_PRODUCTS_DIR)/Veeravelly_ElectronicStore.app/Veeravelly_ElectronicStore";
			};
			name = Debug;
		};
		58E5E0EF28187928005A1871 /* Release */ = {
			isa = XCBuildConfiguration;
			buildSettings = {
				ALWAYS_EMBED_SWIFT_STANDARD_LIBRARIES = YES;
				BUNDLE_LOADER = "$(TEST_HOST)";
				CODE_SIGN_STYLE = Automatic;
				CURRENT_PROJECT_VERSION = 1;
				GENERATE_INFOPLIST_FILE = YES;
				IPHONEOS_DEPLOYMENT_TARGET = 15.2;
				MARKETING_VERSION = 1.0;
				PRODUCT_BUNDLE_IDENTIFIER = "nwmsu.Veeravelly-ElectronicStoreTests";
				PRODUCT_NAME = "$(TARGET_NAME)";
				SWIFT_EMIT_LOC_STRINGS = NO;
				SWIFT_VERSION = 5.0;
				TARGETED_DEVICE_FAMILY = "1,2";
				TEST_HOST = "$(BUILT_PRODUCTS_DIR)/Veeravelly_ElectronicStore.app/Veeravelly_ElectronicStore";
			};
			name = Release;
		};
		58E5E0F128187928005A1871 /* Debug */ = {
			isa = XCBuildConfiguration;
			buildSettings = {
				ALWAYS_EMBED_SWIFT_STANDARD_LIBRARIES = YES;
				CODE_SIGN_STYLE = Automatic;
				CURRENT_PROJECT_VERSION = 1;
				GENERATE_INFOPLIST_FILE = YES;
				MARKETING_VERSION = 1.0;
				PRODUCT_BUNDLE_IDENTIFIER = "nwmsu.Veeravelly-ElectronicStoreUITests";
				PRODUCT_NAME = "$(TARGET_NAME)";
				SWIFT_EMIT_LOC_STRINGS = NO;
				SWIFT_VERSION = 5.0;
				TARGETED_DEVICE_FAMILY = "1,2";
				TEST_TARGET_NAME = Veeravelly_ElectronicStore;
			};
			name = Debug;
		};
		58E5E0F228187928005A1871 /* Release */ = {
			isa = XCBuildConfiguration;
			buildSettings = {
				ALWAYS_EMBED_SWIFT_STANDARD_LIBRARIES = YES;
				CODE_SIGN_STYLE = Automatic;
				CURRENT_PROJECT_VERSION = 1;
				GENERATE_INFOPLIST_FILE = YES;
				MARKETING_VERSION = 1.0;
				PRODUCT_BUNDLE_IDENTIFIER = "nwmsu.Veeravelly-ElectronicStoreUITests";
				PRODUCT_NAME = "$(TARGET_NAME)";
				SWIFT_EMIT_LOC_STRINGS = NO;
				SWIFT_VERSION = 5.0;
				TARGETED_DEVICE_FAMILY = "1,2";
				TEST_TARGET_NAME = Veeravelly_ElectronicStore;
			};
			name = Release;
		};
/* End XCBuildConfiguration section */

/* Begin XCConfigurationList section */
		58E5E0BB28187926005A1871 /* Build configuration list for PBXProject "Veeravelly_ElectronicStore" */ = {
			isa = XCConfigurationList;
			buildConfigurations = (
				58E5E0E828187928005A1871 /* Debug */,
				58E5E0E928187928005A1871 /* Release */,
			);
			defaultConfigurationIsVisible = 0;
			defaultConfigurationName = Release;
		};
		58E5E0EA28187928005A1871 /* Build configuration list for PBXNativeTarget "Veeravelly_ElectronicStore" */ = {
			isa = XCConfigurationList;
			buildConfigurations = (
				58E5E0EB28187928005A1871 /* Debug */,
				58E5E0EC28187928005A1871 /* Release */,
			);
			defaultConfigurationIsVisible = 0;
			defaultConfigurationName = Release;
		};
		58E5E0ED28187928005A1871 /* Build configuration list for PBXNativeTarget "Veeravelly_ElectronicStoreTests" */ = {
			isa = XCConfigurationList;
			buildConfigurations = (
				58E5E0EE28187928005A1871 /* Debug */,
				58E5E0EF28187928005A1871 /* Release */,
			);
			defaultConfigurationIsVisible = 0;
			defaultConfigurationName = Release;
		};
		58E5E0F028187928005A1871 /* Build configuration list for PBXNativeTarget "Veeravelly_ElectronicStoreUITests" */ = {
			isa = XCConfigurationList;
			buildConfigurations = (
				58E5E0F128187928005A1871 /* Debug */,
				58E5E0F228187928005A1871 /* Release */,
			);
			defaultConfigurationIsVisible = 0;
			defaultConfigurationName = Release;
		};
/* End XCConfigurationList section */
	};
	rootObject = 58E5E0B828187926005A1871 /* Project object */;
}
