// !$*UTF8*$!
{
	archiveVersion = 1;
	classes = {
	};
	objectVersion = 55;
	objects = {

/* Begin PBXBuildFile section */
		58854BF927D016F100CBC324 /* AppDelegate.swift in Sources */ = {isa = PBXBuildFile; fileRef = 58854BF827D016F100CBC324 /* AppDelegate.swift */; };
		58854BFB27D016F100CBC324 /* SceneDelegate.swift in Sources */ = {isa = PBXBuildFile; fileRef = 58854BFA27D016F100CBC324 /* SceneDelegate.swift */; };
		58854BFD27D016F100CBC324 /* ViewController.swift in Sources */ = {isa = PBXBuildFile; fileRef = 58854BFC27D016F100CBC324 /* ViewController.swift */; };
		58854C0027D016F100CBC324 /* Main.storyboard in Resources */ = {isa = PBXBuildFile; fileRef = 58854BFE27D016F100CBC324 /* Main.storyboard */; };
		58854C0227D016F200CBC324 /* Assets.xcassets in Resources */ = {isa = PBXBuildFile; fileRef = 58854C0127D016F200CBC324 /* Assets.xcassets */; };
		58854C0527D016F200CBC324 /* LaunchScreen.storyboard in Resources */ = {isa = PBXBuildFile; fileRef = 58854C0327D016F200CBC324 /* LaunchScreen.storyboard */; };
		58854C1027D016F300CBC324 /* veeravelly_SearchAppTests.swift in Sources */ = {isa = PBXBuildFile; fileRef = 58854C0F27D016F300CBC324 /* veeravelly_SearchAppTests.swift */; };
		58854C1A27D016F300CBC324 /* veeravelly_SearchAppUITests.swift in Sources */ = {isa = PBXBuildFile; fileRef = 58854C1927D016F300CBC324 /* veeravelly_SearchAppUITests.swift */; };
		58854C1C27D016F300CBC324 /* veeravelly_SearchAppUITestsLaunchTests.swift in Sources */ = {isa = PBXBuildFile; fileRef = 58854C1B27D016F300CBC324 /* veeravelly_SearchAppUITestsLaunchTests.swift */; };
/* End PBXBuildFile section */

/* Begin PBXContainerItemProxy section */
		58854C0C27D016F300CBC324 /* PBXContainerItemProxy */ = {
			isa = PBXContainerItemProxy;
			containerPortal = 58854BED27D016F100CBC324 /* Project object */;
			proxyType = 1;
			remoteGlobalIDString = 58854BF427D016F100CBC324;
			remoteInfo = veeravelly_SearchApp;
		};
		58854C1627D016F300CBC324 /* PBXContainerItemProxy */ = {
			isa = PBXContainerItemProxy;
			containerPortal = 58854BED27D016F100CBC324 /* Project object */;
			proxyType = 1;
			remoteGlobalIDString = 58854BF427D016F100CBC324;
			remoteInfo = veeravelly_SearchApp;
		};
/* End PBXContainerItemProxy section */

/* Begin PBXFileReference section */
		58854BF527D016F100CBC324 /* veeravelly_SearchApp.app */ = {isa = PBXFileReference; explicitFileType = wrapper.application; includeInIndex = 0; path = veeravelly_SearchApp.app; sourceTree = BUILT_PRODUCTS_DIR; };
		58854BF827D016F100CBC324 /* AppDelegate.swift */ = {isa = PBXFileReference; lastKnownFileType = sourcecode.swift; path = AppDelegate.swift; sourceTree = "<group>"; };
		58854BFA27D016F100CBC324 /* SceneDelegate.swift */ = {isa = PBXFileReference; lastKnownFileType = sourcecode.swift; path = SceneDelegate.swift; sourceTree = "<group>"; };
		58854BFC27D016F100CBC324 /* ViewController.swift */ = {isa = PBXFileReference; lastKnownFileType = sourcecode.swift; path = ViewController.swift; sourceTree = "<group>"; };
		58854BFF27D016F100CBC324 /* Base */ = {isa = PBXFileReference; lastKnownFileType = file.storyboard; name = Base; path = Base.lproj/Main.storyboard; sourceTree = "<group>"; };
		58854C0127D016F200CBC324 /* Assets.xcassets */ = {isa = PBXFileReference; lastKnownFileType = folder.assetcatalog; path = Assets.xcassets; sourceTree = "<group>"; };
		58854C0427D016F200CBC324 /* Base */ = {isa = PBXFileReference; lastKnownFileType = file.storyboard; name = Base; path = Base.lproj/LaunchScreen.storyboard; sourceTree = "<group>"; };
		58854C0627D016F200CBC324 /* Info.plist */ = {isa = PBXFileReference; lastKnownFileType = text.plist.xml; path = Info.plist; sourceTree = "<group>"; };
		58854C0B27D016F300CBC324 /* veeravelly_SearchAppTests.xctest */ = {isa = PBXFileReference; explicitFileType = wrapper.cfbundle; includeInIndex = 0; path = veeravelly_SearchAppTests.xctest; sourceTree = BUILT_PRODUCTS_DIR; };
		58854C0F27D016F300CBC324 /* veeravelly_SearchAppTests.swift */ = {isa = PBXFileReference; lastKnownFileType = sourcecode.swift; path = veeravelly_SearchAppTests.swift; sourceTree = "<group>"; };
		58854C1527D016F300CBC324 /* veeravelly_SearchAppUITests.xctest */ = {isa = PBXFileReference; explicitFileType = wrapper.cfbundle; includeInIndex = 0; path = veeravelly_SearchAppUITests.xctest; sourceTree = BUILT_PRODUCTS_DIR; };
		58854C1927D016F300CBC324 /* veeravelly_SearchAppUITests.swift */ = {isa = PBXFileReference; lastKnownFileType = sourcecode.swift; path = veeravelly_SearchAppUITests.swift; sourceTree = "<group>"; };
		58854C1B27D016F300CBC324 /* veeravelly_SearchAppUITestsLaunchTests.swift */ = {isa = PBXFileReference; lastKnownFileType = sourcecode.swift; path = veeravelly_SearchAppUITestsLaunchTests.swift; sourceTree = "<group>"; };
/* End PBXFileReference section */

/* Begin PBXFrameworksBuildPhase section */
		58854BF227D016F100CBC324 /* Frameworks */ = {
			isa = PBXFrameworksBuildPhase;
			buildActionMask = 2147483647;
			files = (
			);
			runOnlyForDeploymentPostprocessing = 0;
		};
		58854C0827D016F300CBC324 /* Frameworks */ = {
			isa = PBXFrameworksBuildPhase;
			buildActionMask = 2147483647;
			files = (
			);
			runOnlyForDeploymentPostprocessing = 0;
		};
		58854C1227D016F300CBC324 /* Frameworks */ = {
			isa = PBXFrameworksBuildPhase;
			buildActionMask = 2147483647;
			files = (
			);
			runOnlyForDeploymentPostprocessing = 0;
		};
/* End PBXFrameworksBuildPhase section */

/* Begin PBXGroup section */
		58854BEC27D016F100CBC324 = {
			isa = PBXGroup;
			children = (
				58854BF727D016F100CBC324 /* veeravelly_SearchApp */,
				58854C0E27D016F300CBC324 /* veeravelly_SearchAppTests */,
				58854C1827D016F300CBC324 /* veeravelly_SearchAppUITests */,
				58854BF627D016F100CBC324 /* Products */,
			);
			sourceTree = "<group>";
		};
		58854BF627D016F100CBC324 /* Products */ = {
			isa = PBXGroup;
			children = (
				58854BF527D016F100CBC324 /* veeravelly_SearchApp.app */,
				58854C0B27D016F300CBC324 /* veeravelly_SearchAppTests.xctest */,
				58854C1527D016F300CBC324 /* veeravelly_SearchAppUITests.xctest */,
			);
			name = Products;
			sourceTree = "<group>";
		};
		58854BF727D016F100CBC324 /* veeravelly_SearchApp */ = {
			isa = PBXGroup;
			children = (
				58854BF827D016F100CBC324 /* AppDelegate.swift */,
				58854BFA27D016F100CBC324 /* SceneDelegate.swift */,
				58854BFC27D016F100CBC324 /* ViewController.swift */,
				58854BFE27D016F100CBC324 /* Main.storyboard */,
				58854C0127D016F200CBC324 /* Assets.xcassets */,
				58854C0327D016F200CBC324 /* LaunchScreen.storyboard */,
				58854C0627D016F200CBC324 /* Info.plist */,
			);
			path = veeravelly_SearchApp;
			sourceTree = "<group>";
		};
		58854C0E27D016F300CBC324 /* veeravelly_SearchAppTests */ = {
			isa = PBXGroup;
			children = (
				58854C0F27D016F300CBC324 /* veeravelly_SearchAppTests.swift */,
			);
			path = veeravelly_SearchAppTests;
			sourceTree = "<group>";
		};
		58854C1827D016F300CBC324 /* veeravelly_SearchAppUITests */ = {
			isa = PBXGroup;
			children = (
				58854C1927D016F300CBC324 /* veeravelly_SearchAppUITests.swift */,
				58854C1B27D016F300CBC324 /* veeravelly_SearchAppUITestsLaunchTests.swift */,
			);
			path = veeravelly_SearchAppUITests;
			sourceTree = "<group>";
		};
/* End PBXGroup section */

/* Begin PBXNativeTarget section */
		58854BF427D016F100CBC324 /* veeravelly_SearchApp */ = {
			isa = PBXNativeTarget;
			buildConfigurationList = 58854C1F27D016F300CBC324 /* Build configuration list for PBXNativeTarget "veeravelly_SearchApp" */;
			buildPhases = (
				58854BF127D016F100CBC324 /* Sources */,
				58854BF227D016F100CBC324 /* Frameworks */,
				58854BF327D016F100CBC324 /* Resources */,
			);
			buildRules = (
			);
			dependencies = (
			);
			name = veeravelly_SearchApp;
			productName = veeravelly_SearchApp;
			productReference = 58854BF527D016F100CBC324 /* veeravelly_SearchApp.app */;
			productType = "com.apple.product-type.application";
		};
		58854C0A27D016F300CBC324 /* veeravelly_SearchAppTests */ = {
			isa = PBXNativeTarget;
			buildConfigurationList = 58854C2227D016F300CBC324 /* Build configuration list for PBXNativeTarget "veeravelly_SearchAppTests" */;
			buildPhases = (
				58854C0727D016F300CBC324 /* Sources */,
				58854C0827D016F300CBC324 /* Frameworks */,
				58854C0927D016F300CBC324 /* Resources */,
			);
			buildRules = (
			);
			dependencies = (
				58854C0D27D016F300CBC324 /* PBXTargetDependency */,
			);
			name = veeravelly_SearchAppTests;
			productName = veeravelly_SearchAppTests;
			productReference = 58854C0B27D016F300CBC324 /* veeravelly_SearchAppTests.xctest */;
			productType = "com.apple.product-type.bundle.unit-test";
		};
		58854C1427D016F300CBC324 /* veeravelly_SearchAppUITests */ = {
			isa = PBXNativeTarget;
			buildConfigurationList = 58854C2527D016F300CBC324 /* Build configuration list for PBXNativeTarget "veeravelly_SearchAppUITests" */;
			buildPhases = (
				58854C1127D016F300CBC324 /* Sources */,
				58854C1227D016F300CBC324 /* Frameworks */,
				58854C1327D016F300CBC324 /* Resources */,
			);
			buildRules = (
			);
			dependencies = (
				58854C1727D016F300CBC324 /* PBXTargetDependency */,
			);
			name = veeravelly_SearchAppUITests;
			productName = veeravelly_SearchAppUITests;
			productReference = 58854C1527D016F300CBC324 /* veeravelly_SearchAppUITests.xctest */;
			productType = "com.apple.product-type.bundle.ui-testing";
		};
/* End PBXNativeTarget section */

/* Begin PBXProject section */
		58854BED27D016F100CBC324 /* Project object */ = {
			isa = PBXProject;
			attributes = {
				BuildIndependentTargetsInParallel = 1;
				LastSwiftUpdateCheck = 1320;
				LastUpgradeCheck = 1320;
				TargetAttributes = {
					58854BF427D016F100CBC324 = {
						CreatedOnToolsVersion = 13.2.1;
					};
					58854C0A27D016F300CBC324 = {
						CreatedOnToolsVersion = 13.2.1;
						TestTargetID = 58854BF427D016F100CBC324;
					};
					58854C1427D016F300CBC324 = {
						CreatedOnToolsVersion = 13.2.1;
						TestTargetID = 58854BF427D016F100CBC324;
					};
				};
			};
			buildConfigurationList = 58854BF027D016F100CBC324 /* Build configuration list for PBXProject "veeravelly_SearchApp" */;
			compatibilityVersion = "Xcode 13.0";
			developmentRegion = en;
			hasScannedForEncodings = 0;
			knownRegions = (
				en,
				Base,
			);
			mainGroup = 58854BEC27D016F100CBC324;
			productRefGroup = 58854BF627D016F100CBC324 /* Products */;
			projectDirPath = "";
			projectRoot = "";
			targets = (
				58854BF427D016F100CBC324 /* veeravelly_SearchApp */,
				58854C0A27D016F300CBC324 /* veeravelly_SearchAppTests */,
				58854C1427D016F300CBC324 /* veeravelly_SearchAppUITests */,
			);
		};
/* End PBXProject section */

/* Begin PBXResourcesBuildPhase section */
		58854BF327D016F100CBC324 /* Resources */ = {
			isa = PBXResourcesBuildPhase;
			buildActionMask = 2147483647;
			files = (
				58854C0527D016F200CBC324 /* LaunchScreen.storyboard in Resources */,
				58854C0227D016F200CBC324 /* Assets.xcassets in Resources */,
				58854C0027D016F100CBC324 /* Main.storyboard in Resources */,
			);
			runOnlyForDeploymentPostprocessing = 0;
		};
		58854C0927D016F300CBC324 /* Resources */ = {
			isa = PBXResourcesBuildPhase;
			buildActionMask = 2147483647;
			files = (
			);
			runOnlyForDeploymentPostprocessing = 0;
		};
		58854C1327D016F300CBC324 /* Resources */ = {
			isa = PBXResourcesBuildPhase;
			buildActionMask = 2147483647;
			files = (
			);
			runOnlyForDeploymentPostprocessing = 0;
		};
/* End PBXResourcesBuildPhase section */

/* Begin PBXSourcesBuildPhase section */
		58854BF127D016F100CBC324 /* Sources */ = {
			isa = PBXSourcesBuildPhase;
			buildActionMask = 2147483647;
			files = (
				58854BFD27D016F100CBC324 /* ViewController.swift in Sources */,
				58854BF927D016F100CBC324 /* AppDelegate.swift in Sources */,
				58854BFB27D016F100CBC324 /* SceneDelegate.swift in Sources */,
			);
			runOnlyForDeploymentPostprocessing = 0;
		};
		58854C0727D016F300CBC324 /* Sources */ = {
			isa = PBXSourcesBuildPhase;
			buildActionMask = 2147483647;
			files = (
				58854C1027D016F300CBC324 /* veeravelly_SearchAppTests.swift in Sources */,
			);
			runOnlyForDeploymentPostprocessing = 0;
		};
		58854C1127D016F300CBC324 /* Sources */ = {
			isa = PBXSourcesBuildPhase;
			buildActionMask = 2147483647;
			files = (
				58854C1A27D016F300CBC324 /* veeravelly_SearchAppUITests.swift in Sources */,
				58854C1C27D016F300CBC324 /* veeravelly_SearchAppUITestsLaunchTests.swift in Sources */,
			);
			runOnlyForDeploymentPostprocessing = 0;
		};
/* End PBXSourcesBuildPhase section */

/* Begin PBXTargetDependency section */
		58854C0D27D016F300CBC324 /* PBXTargetDependency */ = {
			isa = PBXTargetDependency;
			target = 58854BF427D016F100CBC324 /* veeravelly_SearchApp */;
			targetProxy = 58854C0C27D016F300CBC324 /* PBXContainerItemProxy */;
		};
		58854C1727D016F300CBC324 /* PBXTargetDependency */ = {
			isa = PBXTargetDependency;
			target = 58854BF427D016F100CBC324 /* veeravelly_SearchApp */;
			targetProxy = 58854C1627D016F300CBC324 /* PBXContainerItemProxy */;
		};
/* End PBXTargetDependency section */

/* Begin PBXVariantGroup section */
		58854BFE27D016F100CBC324 /* Main.storyboard */ = {
			isa = PBXVariantGroup;
			children = (
				58854BFF27D016F100CBC324 /* Base */,
			);
			name = Main.storyboard;
			sourceTree = "<group>";
		};
		58854C0327D016F200CBC324 /* LaunchScreen.storyboard */ = {
			isa = PBXVariantGroup;
			children = (
				58854C0427D016F200CBC324 /* Base */,
			);
			name = LaunchScreen.storyboard;
			sourceTree = "<group>";
		};
/* End PBXVariantGroup section */

/* Begin XCBuildConfiguration section */
		58854C1D27D016F300CBC324 /* Debug */ = {
			isa = XCBuildConfiguration;
			buildSettings = {
				ALWAYS_SEARCH_USER_PATHS = NO;
				CLANG_ANALYZER_NONNULL = YES;
				CLANG_ANALYZER_NUMBER_OBJECT_CONVERSION = YES_AGGRESSIVE;
				CLANG_CXX_LANGUAGE_STANDARD = "gnu++17";
				CLANG_CXX_LIBRARY = "libc++";
				CLANG_ENABLE_MODULES = YES;
				CLANG_ENABLE_OBJC_ARC = YES;
				CLANG_ENABLE_OBJC_WEAK = YES;
				CLANG_WARN_BLOCK_CAPTURE_AUTORELEASING = YES;
				CLANG_WARN_BOOL_CONVERSION = YES;
				CLANG_WARN_COMMA = YES;
				CLANG_WARN_CONSTANT_CONVERSION = YES;
				CLANG_WARN_DEPRECATED_OBJC_IMPLEMENTATIONS = YES;
				CLANG_WARN_DIRECT_OBJC_ISA_USAGE = YES_ERROR;
				CLANG_WARN_DOCUMENTATION_COMMENTS = YES;
				CLANG_WARN_EMPTY_BODY = YES;
				CLANG_WARN_ENUM_CONVERSION = YES;
				CLANG_WARN_INFINITE_RECURSION = YES;
				CLANG_WARN_INT_CONVERSION = YES;
				CLANG_WARN_NON_LITERAL_NULL_CONVERSION = YES;
				CLANG_WARN_OBJC_IMPLICIT_RETAIN_SELF = YES;
				CLANG_WARN_OBJC_LITERAL_CONVERSION = YES;
				CLANG_WARN_OBJC_ROOT_CLASS = YES_ERROR;
				CLANG_WARN_QUOTED_INCLUDE_IN_FRAMEWORK_HEADER = YES;
				CLANG_WARN_RANGE_LOOP_ANALYSIS = YES;
				CLANG_WARN_STRICT_PROTOTYPES = YES;
				CLANG_WARN_SUSPICIOUS_MOVE = YES;
				CLANG_WARN_UNGUARDED_AVAILABILITY = YES_AGGRESSIVE;
				CLANG_WARN_UNREACHABLE_CODE = YES;
				CLANG_WARN__DUPLICATE_METHOD_MATCH = YES;
				COPY_PHASE_STRIP = NO;
				DEBUG_INFORMATION_FORMAT = dwarf;
				ENABLE_STRICT_OBJC_MSGSEND = YES;
				ENABLE_TESTABILITY = YES;
				GCC_C_LANGUAGE_STANDARD = gnu11;
				GCC_DYNAMIC_NO_PIC = NO;
				GCC_NO_COMMON_BLOCKS = YES;
				GCC_OPTIMIZATION_LEVEL = 0;
				GCC_PREPROCESSOR_DEFINITIONS = (
					"DEBUG=1",
					"$(inherited)",
				);
				GCC_WARN_64_TO_32_BIT_CONVERSION = YES;
				GCC_WARN_ABOUT_RETURN_TYPE = YES_ERROR;
				GCC_WARN_UNDECLARED_SELECTOR = YES;
				GCC_WARN_UNINITIALIZED_AUTOS = YES_AGGRESSIVE;
				GCC_WARN_UNUSED_FUNCTION = YES;
				GCC_WARN_UNUSED_VARIABLE = YES;
				IPHONEOS_DEPLOYMENT_TARGET = 15.2;
				MTL_ENABLE_DEBUG_INFO = INCLUDE_SOURCE;
				MTL_FAST_MATH = YES;
				ONLY_ACTIVE_ARCH = YES;
				SDKROOT = iphoneos;
				SWIFT_ACTIVE_COMPILATION_CONDITIONS = DEBUG;
				SWIFT_OPTIMIZATION_LEVEL = "-Onone";
			};
			name = Debug;
		};
		58854C1E27D016F300CBC324 /* Release */ = {
			isa = XCBuildConfiguration;
			buildSettings = {
				ALWAYS_SEARCH_USER_PATHS = NO;
				CLANG_ANALYZER_NONNULL = YES;
				CLANG_ANALYZER_NUMBER_OBJECT_CONVERSION = YES_AGGRESSIVE;
				CLANG_CXX_LANGUAGE_STANDARD = "gnu++17";
				CLANG_CXX_LIBRARY = "libc++";
				CLANG_ENABLE_MODULES = YES;
				CLANG_ENABLE_OBJC_ARC = YES;
				CLANG_ENABLE_OBJC_WEAK = YES;
				CLANG_WARN_BLOCK_CAPTURE_AUTORELEASING = YES;
				CLANG_WARN_BOOL_CONVERSION = YES;
				CLANG_WARN_COMMA = YES;
				CLANG_WARN_CONSTANT_CONVERSION = YES;
				CLANG_WARN_DEPRECATED_OBJC_IMPLEMENTATIONS = YES;
				CLANG_WARN_DIRECT_OBJC_ISA_USAGE = YES_ERROR;
				CLANG_WARN_DOCUMENTATION_COMMENTS = YES;
				CLANG_WARN_EMPTY_BODY = YES;
				CLANG_WARN_ENUM_CONVERSION = YES;
				CLANG_WARN_INFINITE_RECURSION = YES;
				CLANG_WARN_INT_CONVERSION = YES;
				CLANG_WARN_NON_LITERAL_NULL_CONVERSION = YES;
				CLANG_WARN_OBJC_IMPLICIT_RETAIN_SELF = YES;
				CLANG_WARN_OBJC_LITERAL_CONVERSION = YES;
				CLANG_WARN_OBJC_ROOT_CLASS = YES_ERROR;
				CLANG_WARN_QUOTED_INCLUDE_IN_FRAMEWORK_HEADER = YES;
				CLANG_WARN_RANGE_LOOP_ANALYSIS = YES;
				CLANG_WARN_STRICT_PROTOTYPES = YES;
				CLANG_WARN_SUSPICIOUS_MOVE = YES;
				CLANG_WARN_UNGUARDED_AVAILABILITY = YES_AGGRESSIVE;
				CLANG_WARN_UNREACHABLE_CODE = YES;
				CLANG_WARN__DUPLICATE_METHOD_MATCH = YES;
				COPY_PHASE_STRIP = NO;
				DEBUG_INFORMATION_FORMAT = "dwarf-with-dsym";
				ENABLE_NS_ASSERTIONS = NO;
				ENABLE_STRICT_OBJC_MSGSEND = YES;
				GCC_C_LANGUAGE_STANDARD = gnu11;
				GCC_NO_COMMON_BLOCKS = YES;
				GCC_WARN_64_TO_32_BIT_CONVERSION = YES;
				GCC_WARN_ABOUT_RETURN_TYPE = YES_ERROR;
				GCC_WARN_UNDECLARED_SELECTOR = YES;
				GCC_WARN_UNINITIALIZED_AUTOS = YES_AGGRESSIVE;
				GCC_WARN_UNUSED_FUNCTION = YES;
				GCC_WARN_UNUSED_VARIABLE = YES;
				IPHONEOS_DEPLOYMENT_TARGET = 15.2;
				MTL_ENABLE_DEBUG_INFO = NO;
				MTL_FAST_MATH = YES;
				SDKROOT = iphoneos;
				SWIFT_COMPILATION_MODE = wholemodule;
				SWIFT_OPTIMIZATION_LEVEL = "-O";
				VALIDATE_PRODUCT = YES;
			};
			name = Release;
		};
		58854C2027D016F300CBC324 /* Debug */ = {
			isa = XCBuildConfiguration;
			buildSettings = {
				ASSETCATALOG_COMPILER_APPICON_NAME = AppIcon;
				ASSETCATALOG_COMPILER_GLOBAL_ACCENT_COLOR_NAME = AccentColor;
				CODE_SIGN_STYLE = Automatic;
				CURRENT_PROJECT_VERSION = 1;
				GENERATE_INFOPLIST_FILE = YES;
				INFOPLIST_FILE = veeravelly_SearchApp/Info.plist;
				INFOPLIST_KEY_CFBundleDisplayName = veeravelly_SearchApp;
				INFOPLIST_KEY_UIApplicationSupportsIndirectInputEvents = YES;
				INFOPLIST_KEY_UILaunchStoryboardName = LaunchScreen;
				INFOPLIST_KEY_UIMainStoryboardFile = Main;
				INFOPLIST_KEY_UISupportedInterfaceOrientations_iPad = "UIInterfaceOrientationPortrait UIInterfaceOrientationPortraitUpsideDown UIInterfaceOrientationLandscapeLeft UIInterfaceOrientationLandscapeRight";
				INFOPLIST_KEY_UISupportedInterfaceOrientations_iPhone = "UIInterfaceOrientationPortrait UIInterfaceOrientationLandscapeLeft UIInterfaceOrientationLandscapeRight";
				LD_RUNPATH_SEARCH_PATHS = (
					"$(inherited)",
					"@executable_path/Frameworks",
				);
				MARKETING_VERSION = 1.0;
				PRODUCT_BUNDLE_IDENTIFIER = "nwmsu.veeravelly-SearchApp";
				PRODUCT_NAME = "$(TARGET_NAME)";
				SWIFT_EMIT_LOC_STRINGS = YES;
				SWIFT_VERSION = 5.0;
				TARGETED_DEVICE_FAMILY = "1,2";
			};
			name = Debug;
		};
		58854C2127D016F300CBC324 /* Release */ = {
			isa = XCBuildConfiguration;
			buildSettings = {
				ASSETCATALOG_COMPILER_APPICON_NAME = AppIcon;
				ASSETCATALOG_COMPILER_GLOBAL_ACCENT_COLOR_NAME = AccentColor;
				CODE_SIGN_STYLE = Automatic;
				CURRENT_PROJECT_VERSION = 1;
				GENERATE_INFOPLIST_FILE = YES;
				INFOPLIST_FILE = veeravelly_SearchApp/Info.plist;
				INFOPLIST_KEY_CFBundleDisplayName = veeravelly_SearchApp;
				INFOPLIST_KEY_UIApplicationSupportsIndirectInputEvents = YES;
				INFOPLIST_KEY_UILaunchStoryboardName = LaunchScreen;
				INFOPLIST_KEY_UIMainStoryboardFile = Main;
				INFOPLIST_KEY_UISupportedInterfaceOrientations_iPad = "UIInterfaceOrientationPortrait UIInterfaceOrientationPortraitUpsideDown UIInterfaceOrientationLandscapeLeft UIInterfaceOrientationLandscapeRight";
				INFOPLIST_KEY_UISupportedInterfaceOrientations_iPhone = "UIInterfaceOrientationPortrait UIInterfaceOrientationLandscapeLeft UIInterfaceOrientationLandscapeRight";
				LD_RUNPATH_SEARCH_PATHS = (
					"$(inherited)",
					"@executable_path/Frameworks",
				);
				MARKETING_VERSION = 1.0;
				PRODUCT_BUNDLE_IDENTIFIER = "nwmsu.veeravelly-SearchApp";
				PRODUCT_NAME = "$(TARGET_NAME)";
				SWIFT_EMIT_LOC_STRINGS = YES;
				SWIFT_VERSION = 5.0;
				TARGETED_DEVICE_FAMILY = "1,2";
			};
			name = Release;
		};
		58854C2327D016F300CBC324 /* Debug */ = {
			isa = XCBuildConfiguration;
			buildSettings = {
				ALWAYS_EMBED_SWIFT_STANDARD_LIBRARIES = YES;
				BUNDLE_LOADER = "$(TEST_HOST)";
				CODE_SIGN_STYLE = Automatic;
				CURRENT_PROJECT_VERSION = 1;
				GENERATE_INFOPLIST_FILE = YES;
				IPHONEOS_DEPLOYMENT_TARGET = 15.2;
				MARKETING_VERSION = 1.0;
				PRODUCT_BUNDLE_IDENTIFIER = "nwmsu.veeravelly-SearchAppTests";
				PRODUCT_NAME = "$(TARGET_NAME)";
				SWIFT_EMIT_LOC_STRINGS = NO;
				SWIFT_VERSION = 5.0;
				TARGETED_DEVICE_FAMILY = "1,2";
				TEST_HOST = "$(BUILT_PRODUCTS_DIR)/veeravelly_SearchApp.app/veeravelly_SearchApp";
			};
			name = Debug;
		};
		58854C2427D016F300CBC324 /* Release */ = {
			isa = XCBuildConfiguration;
			buildSettings = {
				ALWAYS_EMBED_SWIFT_STANDARD_LIBRARIES = YES;
				BUNDLE_LOADER = "$(TEST_HOST)";
				CODE_SIGN_STYLE = Automatic;
				CURRENT_PROJECT_VERSION = 1;
				GENERATE_INFOPLIST_FILE = YES;
				IPHONEOS_DEPLOYMENT_TARGET = 15.2;
				MARKETING_VERSION = 1.0;
				PRODUCT_BUNDLE_IDENTIFIER = "nwmsu.veeravelly-SearchAppTests";
				PRODUCT_NAME = "$(TARGET_NAME)";
				SWIFT_EMIT_LOC_STRINGS = NO;
				SWIFT_VERSION = 5.0;
				TARGETED_DEVICE_FAMILY = "1,2";
				TEST_HOST = "$(BUILT_PRODUCTS_DIR)/veeravelly_SearchApp.app/veeravelly_SearchApp";
			};
			name = Release;
		};
		58854C2627D016F300CBC324 /* Debug */ = {
			isa = XCBuildConfiguration;
			buildSettings = {
				ALWAYS_EMBED_SWIFT_STANDARD_LIBRARIES = YES;
				CODE_SIGN_STYLE = Automatic;
				CURRENT_PROJECT_VERSION = 1;
				GENERATE_INFOPLIST_FILE = YES;
				MARKETING_VERSION = 1.0;
				PRODUCT_BUNDLE_IDENTIFIER = "nwmsu.veeravelly-SearchAppUITests";
				PRODUCT_NAME = "$(TARGET_NAME)";
				SWIFT_EMIT_LOC_STRINGS = NO;
				SWIFT_VERSION = 5.0;
				TARGETED_DEVICE_FAMILY = "1,2";
				TEST_TARGET_NAME = veeravelly_SearchApp;
			};
			name = Debug;
		};
		58854C2727D016F300CBC324 /* Release */ = {
			isa = XCBuildConfiguration;
			buildSettings = {
				ALWAYS_EMBED_SWIFT_STANDARD_LIBRARIES = YES;
				CODE_SIGN_STYLE = Automatic;
				CURRENT_PROJECT_VERSION = 1;
				GENERATE_INFOPLIST_FILE = YES;
				MARKETING_VERSION = 1.0;
				PRODUCT_BUNDLE_IDENTIFIER = "nwmsu.veeravelly-SearchAppUITests";
				PRODUCT_NAME = "$(TARGET_NAME)";
				SWIFT_EMIT_LOC_STRINGS = NO;
				SWIFT_VERSION = 5.0;
				TARGETED_DEVICE_FAMILY = "1,2";
				TEST_TARGET_NAME = veeravelly_SearchApp;
			};
			name = Release;
		};
/* End XCBuildConfiguration section */

/* Begin XCConfigurationList section */
		58854BF027D016F100CBC324 /* Build configuration list for PBXProject "veeravelly_SearchApp" */ = {
			isa = XCConfigurationList;
			buildConfigurations = (
				58854C1D27D016F300CBC324 /* Debug */,
				58854C1E27D016F300CBC324 /* Release */,
			);
			defaultConfigurationIsVisible = 0;
			defaultConfigurationName = Release;
		};
		58854C1F27D016F300CBC324 /* Build configuration list for PBXNativeTarget "veeravelly_SearchApp" */ = {
			isa = XCConfigurationList;
			buildConfigurations = (
				58854C2027D016F300CBC324 /* Debug */,
				58854C2127D016F300CBC324 /* Release */,
			);
			defaultConfigurationIsVisible = 0;
			defaultConfigurationName = Release;
		};
		58854C2227D016F300CBC324 /* Build configuration list for PBXNativeTarget "veeravelly_SearchAppTests" */ = {
			isa = XCConfigurationList;
			buildConfigurations = (
				58854C2327D016F300CBC324 /* Debug */,
				58854C2427D016F300CBC324 /* Release */,
			);
			defaultConfigurationIsVisible = 0;
			defaultConfigurationName = Release;
		};
		58854C2527D016F300CBC324 /* Build configuration list for PBXNativeTarget "veeravelly_SearchAppUITests" */ = {
			isa = XCConfigurationList;
			buildConfigurations = (
				58854C2627D016F300CBC324 /* Debug */,
				58854C2727D016F300CBC324 /* Release */,
			);
			defaultConfigurationIsVisible = 0;
			defaultConfigurationName = Release;
		};
/* End XCConfigurationList section */
	};
	rootObject = 58854BED27D016F100CBC324 /* Project object */;
}
